// !$*UTF8*$!
{
	archiveVersion = 1;
	classes = {
	};
	objectVersion = 50;
	objects = {

/* Begin PBXBuildFile section */
		754C03B8247E066800A12CF7 /* InputOutputs.swift in Sources */ = {isa = PBXBuildFile; fileRef = 754C03B6247E066800A12CF7 /* InputOutputs.swift */; };
		754C03B9247E066800A12CF7 /* SimpleMovingAverageTests.swift in Sources */ = {isa = PBXBuildFile; fileRef = 754C03B7247E066800A12CF7 /* SimpleMovingAverageTests.swift */; };
		754C03BD247E06B200A12CF7 /* Token.swift in Sources */ = {isa = PBXBuildFile; fileRef = 754C03BC247E06B100A12CF7 /* Token.swift */; };
		754C03BF247E06B800A12CF7 /* CancelTime.swift in Sources */ = {isa = PBXBuildFile; fileRef = 754C03BE247E06B800A12CF7 /* CancelTime.swift */; };
		754C03C2247E06BF00A12CF7 /* ChildOrderStrategy.swift in Sources */ = {isa = PBXBuildFile; fileRef = 754C03C0247E06BF00A12CF7 /* ChildOrderStrategy.swift */; };
		754C03C3247E06BF00A12CF7 /* Hours.swift in Sources */ = {isa = PBXBuildFile; fileRef = 754C03C1247E06BF00A12CF7 /* Hours.swift */; };
		754C03C5247E06C600A12CF7 /* Mover.swift in Sources */ = {isa = PBXBuildFile; fileRef = 754C03C4247E06C600A12CF7 /* Mover.swift */; };
		754C03C8247E06CE00A12CF7 /* OrderLegCollection.swift in Sources */ = {isa = PBXBuildFile; fileRef = 754C03C6247E06CE00A12CF7 /* OrderLegCollection.swift */; };
		754C03C9247E06CE00A12CF7 /* OrderGet.swift in Sources */ = {isa = PBXBuildFile; fileRef = 754C03C7247E06CE00A12CF7 /* OrderGet.swift */; };
		754C03D1247E06F900A12CF7 /* GeneralAccount.swift in Sources */ = {isa = PBXBuildFile; fileRef = 754C03CB247E06F800A12CF7 /* GeneralAccount.swift */; };
		754C03D2247E06F900A12CF7 /* Position.swift in Sources */ = {isa = PBXBuildFile; fileRef = 754C03CC247E06F800A12CF7 /* Position.swift */; };
		754C03D3247E06F900A12CF7 /* InitialBalances.swift in Sources */ = {isa = PBXBuildFile; fileRef = 754C03CD247E06F800A12CF7 /* InitialBalances.swift */; };
		754C03D4247E06F900A12CF7 /* MarginAccount.swift in Sources */ = {isa = PBXBuildFile; fileRef = 754C03CE247E06F900A12CF7 /* MarginAccount.swift */; };
		754C03D5247E06F900A12CF7 /* Balances.swift in Sources */ = {isa = PBXBuildFile; fileRef = 754C03CF247E06F900A12CF7 /* Balances.swift */; };
		754C03D6247E06F900A12CF7 /* OrderStrategy.swift in Sources */ = {isa = PBXBuildFile; fileRef = 754C03D0247E06F900A12CF7 /* OrderStrategy.swift */; };
		754C03DB247E0C5000A12CF7 /* Candle.swift in Sources */ = {isa = PBXBuildFile; fileRef = 754C03D9247E0C5000A12CF7 /* Candle.swift */; };
		754C03DC247E0C5000A12CF7 /* CandleList.swift in Sources */ = {isa = PBXBuildFile; fileRef = 754C03DA247E0C5000A12CF7 /* CandleList.swift */; };
		754C03E4247E0C6800A12CF7 /* Execution.swift in Sources */ = {isa = PBXBuildFile; fileRef = 754C03DE247E0C6800A12CF7 /* Execution.swift */; };
		754C03E5247E0C6800A12CF7 /* FixedIncome.swift in Sources */ = {isa = PBXBuildFile; fileRef = 754C03DF247E0C6800A12CF7 /* FixedIncome.swift */; };
		754C03E6247E0C6800A12CF7 /* GeneralInstrument.swift in Sources */ = {isa = PBXBuildFile; fileRef = 754C03E0247E0C6800A12CF7 /* GeneralInstrument.swift */; };
		754C03E7247E0C6800A12CF7 /* CashEquivalent.swift in Sources */ = {isa = PBXBuildFile; fileRef = 754C03E1247E0C6800A12CF7 /* CashEquivalent.swift */; };
		754C03E8247E0C6800A12CF7 /* MutualFund.swift in Sources */ = {isa = PBXBuildFile; fileRef = 754C03E2247E0C6800A12CF7 /* MutualFund.swift */; };
		754C03E9247E0C6800A12CF7 /* Option.swift in Sources */ = {isa = PBXBuildFile; fileRef = 754C03E3247E0C6800A12CF7 /* Option.swift */; };
		754C03F0247E0C8000A12CF7 /* Fundamental.swift in Sources */ = {isa = PBXBuildFile; fileRef = 754C03EB247E0C7F00A12CF7 /* Fundamental.swift */; };
		754C03F1247E0C8000A12CF7 /* InstrumentDetails.swift in Sources */ = {isa = PBXBuildFile; fileRef = 754C03EC247E0C7F00A12CF7 /* InstrumentDetails.swift */; };
		754C03F2247E0C8000A12CF7 /* FundamentalClass.swift in Sources */ = {isa = PBXBuildFile; fileRef = 754C03ED247E0C7F00A12CF7 /* FundamentalClass.swift */; };
		754C03F3247E0C8000A12CF7 /* Bond.swift in Sources */ = {isa = PBXBuildFile; fileRef = 754C03EE247E0C7F00A12CF7 /* Bond.swift */; };
		754C03F4247E0C8000A12CF7 /* FundamentalData.swift in Sources */ = {isa = PBXBuildFile; fileRef = 754C03EF247E0C8000A12CF7 /* FundamentalData.swift */; };
		754C03FC247E0C9900A12CF7 /* OptionDeliverableList.swift in Sources */ = {isa = PBXBuildFile; fileRef = 754C03F6247E0C9900A12CF7 /* OptionDeliverableList.swift */; };
		754C03FD247E0C9900A12CF7 /* OptionDeliverables.swift in Sources */ = {isa = PBXBuildFile; fileRef = 754C03F7247E0C9900A12CF7 /* OptionDeliverables.swift */; };
		754C03FE247E0C9900A12CF7 /* OptionChain.swift in Sources */ = {isa = PBXBuildFile; fileRef = 754C03F8247E0C9900A12CF7 /* OptionChain.swift */; };
		754C03FF247E0C9900A12CF7 /* Underlying.swift in Sources */ = {isa = PBXBuildFile; fileRef = 754C03F9247E0C9900A12CF7 /* Underlying.swift */; };
		754C0400247E0C9900A12CF7 /* ExpirationDate.swift in Sources */ = {isa = PBXBuildFile; fileRef = 754C03FA247E0C9900A12CF7 /* ExpirationDate.swift */; };
		754C0401247E0C9900A12CF7 /* ChainOption.swift in Sources */ = {isa = PBXBuildFile; fileRef = 754C03FB247E0C9900A12CF7 /* ChainOption.swift */; };
		754C0404247E0CBF00A12CF7 /* Preferences.swift in Sources */ = {isa = PBXBuildFile; fileRef = 754C0403247E0CBF00A12CF7 /* Preferences.swift */; };
		754C040E247E0CDC00A12CF7 /* QuoteOption.swift in Sources */ = {isa = PBXBuildFile; fileRef = 754C0406247E0CDB00A12CF7 /* QuoteOption.swift */; };
		754C040F247E0CDC00A12CF7 /* ETF.swift in Sources */ = {isa = PBXBuildFile; fileRef = 754C0407247E0CDB00A12CF7 /* ETF.swift */; };
		754C0410247E0CDC00A12CF7 /* QuoteEquity.swift in Sources */ = {isa = PBXBuildFile; fileRef = 754C0408247E0CDB00A12CF7 /* QuoteEquity.swift */; };
		754C0411247E0CDC00A12CF7 /* QuoteFutureOption.swift in Sources */ = {isa = PBXBuildFile; fileRef = 754C0409247E0CDC00A12CF7 /* QuoteFutureOption.swift */; };
		754C0412247E0CDC00A12CF7 /* QuoteIndex.swift in Sources */ = {isa = PBXBuildFile; fileRef = 754C040A247E0CDC00A12CF7 /* QuoteIndex.swift */; };
		754C0413247E0CDC00A12CF7 /* QuoteMutualFund.swift in Sources */ = {isa = PBXBuildFile; fileRef = 754C040B247E0CDC00A12CF7 /* QuoteMutualFund.swift */; };
		754C0414247E0CDC00A12CF7 /* QuoteFuture.swift in Sources */ = {isa = PBXBuildFile; fileRef = 754C040C247E0CDC00A12CF7 /* QuoteFuture.swift */; };
		754C0415247E0CDC00A12CF7 /* QuoteForex.swift in Sources */ = {isa = PBXBuildFile; fileRef = 754C040D247E0CDC00A12CF7 /* QuoteForex.swift */; };
		754C0418247E0CFC00A12CF7 /* StreamerSubscriptionKey.swift in Sources */ = {isa = PBXBuildFile; fileRef = 754C0417247E0CFC00A12CF7 /* StreamerSubscriptionKey.swift */; };
		754C041C247E0D1500A12CF7 /* TransactionItem.swift in Sources */ = {isa = PBXBuildFile; fileRef = 754C041A247E0D1400A12CF7 /* TransactionItem.swift */; };
		754C041D247E0D1500A12CF7 /* TransactionInstrument.swift in Sources */ = {isa = PBXBuildFile; fileRef = 754C041B247E0D1400A12CF7 /* TransactionInstrument.swift */; };
		754C0425247E0D3300A12CF7 /* URL+Key.swift in Sources */ = {isa = PBXBuildFile; fileRef = 754C041F247E0D3200A12CF7 /* URL+Key.swift */; };
		754C0426247E0D3300A12CF7 /* URL+Factory.swift in Sources */ = {isa = PBXBuildFile; fileRef = 754C0420247E0D3200A12CF7 /* URL+Factory.swift */; };
		754C0427247E0D3300A12CF7 /* URLComponents.swift in Sources */ = {isa = PBXBuildFile; fileRef = 754C0421247E0D3200A12CF7 /* URLComponents.swift */; };
		754C0428247E0D3300A12CF7 /* URL+String.swift in Sources */ = {isa = PBXBuildFile; fileRef = 754C0422247E0D3200A12CF7 /* URL+String.swift */; };
		754C0429247E0D3300A12CF7 /* PeriodFrequencies.swift in Sources */ = {isa = PBXBuildFile; fileRef = 754C0423247E0D3200A12CF7 /* PeriodFrequencies.swift */; };
		754C042A247E0D3300A12CF7 /* EndPoints.swift in Sources */ = {isa = PBXBuildFile; fileRef = 754C0424247E0D3300A12CF7 /* EndPoints.swift */; };
		754C0433247E0D4A00A12CF7 /* Authorizations.swift in Sources */ = {isa = PBXBuildFile; fileRef = 754C042C247E0D4900A12CF7 /* Authorizations.swift */; };
		754C0434247E0D4A00A12CF7 /* UserPrincipals.swift in Sources */ = {isa = PBXBuildFile; fileRef = 754C042D247E0D4A00A12CF7 /* UserPrincipals.swift */; };
		754C0435247E0D4A00A12CF7 /* PrincipalQuotes.swift in Sources */ = {isa = PBXBuildFile; fileRef = 754C042E247E0D4A00A12CF7 /* PrincipalQuotes.swift */; };
		754C0436247E0D4A00A12CF7 /* UpdatePrincipalData.swift in Sources */ = {isa = PBXBuildFile; fileRef = 754C042F247E0D4A00A12CF7 /* UpdatePrincipalData.swift */; };
		754C0438247E0D4A00A12CF7 /* StreamerInfo.swift in Sources */ = {isa = PBXBuildFile; fileRef = 754C0431247E0D4A00A12CF7 /* StreamerInfo.swift */; };
		754C0439247E0D4A00A12CF7 /* AccountPrincipal.swift in Sources */ = {isa = PBXBuildFile; fileRef = 754C0432247E0D4A00A12CF7 /* AccountPrincipal.swift */; };
		754C043E247E0D5D00A12CF7 /* Instrument.swift in Sources */ = {isa = PBXBuildFile; fileRef = 754C043B247E0D5D00A12CF7 /* Instrument.swift */; };
		754C043F247E0D5D00A12CF7 /* Watchlist.swift in Sources */ = {isa = PBXBuildFile; fileRef = 754C043C247E0D5D00A12CF7 /* Watchlist.swift */; };
		754C0440247E0D5D00A12CF7 /* WatchlistItem.swift in Sources */ = {isa = PBXBuildFile; fileRef = 754C043D247E0D5D00A12CF7 /* WatchlistItem.swift */; };
		754C0444247E0D9A00A12CF7 /* CSVRepresentable.swift in Sources */ = {isa = PBXBuildFile; fileRef = 754C0442247E0D9A00A12CF7 /* CSVRepresentable.swift */; };
		754C0445247E0D9A00A12CF7 /* DataFrame.swift in Sources */ = {isa = PBXBuildFile; fileRef = 754C0443247E0D9A00A12CF7 /* DataFrame.swift */; };
		754C0451247E0DBD00A12CF7 /* String+Plist.swift in Sources */ = {isa = PBXBuildFile; fileRef = 754C0447247E0DBC00A12CF7 /* String+Plist.swift */; };
		754C0453247E0DBD00A12CF7 /* Codable.swift in Sources */ = {isa = PBXBuildFile; fileRef = 754C0449247E0DBC00A12CF7 /* Codable.swift */; };
		754C0454247E0DBD00A12CF7 /* URL.swift in Sources */ = {isa = PBXBuildFile; fileRef = 754C044A247E0DBD00A12CF7 /* URL.swift */; };
		754C0456247E0DBD00A12CF7 /* Array+Int.swift in Sources */ = {isa = PBXBuildFile; fileRef = 754C044C247E0DBD00A12CF7 /* Array+Int.swift */; };
		754C0458247E0DBD00A12CF7 /* Plist.swift in Sources */ = {isa = PBXBuildFile; fileRef = 754C044E247E0DBD00A12CF7 /* Plist.swift */; };
		754C045D247E0E3700A12CF7 /* MACD.swift in Sources */ = {isa = PBXBuildFile; fileRef = 754C045C247E0E3700A12CF7 /* MACD.swift */; };
		754C0461247E0E4000A12CF7 /* Point.swift in Sources */ = {isa = PBXBuildFile; fileRef = 754C045E247E0E4000A12CF7 /* Point.swift */; };
		754C0462247E0E4000A12CF7 /* MovAvgExponential.swift in Sources */ = {isa = PBXBuildFile; fileRef = 754C045F247E0E4000A12CF7 /* MovAvgExponential.swift */; };
		754C0463247E0E4000A12CF7 /* RSI.swift in Sources */ = {isa = PBXBuildFile; fileRef = 754C0460247E0E4000A12CF7 /* RSI.swift */; };
		754C0465247E0E4A00A12CF7 /* VWAP.swift in Sources */ = {isa = PBXBuildFile; fileRef = 754C0464247E0E4A00A12CF7 /* VWAP.swift */; };
		754C046D247E0E5D00A12CF7 /* ManualLineEntry.swift in Sources */ = {isa = PBXBuildFile; fileRef = 754C0467247E0E5D00A12CF7 /* ManualLineEntry.swift */; };
		754C046E247E0E5D00A12CF7 /* Resistance.swift in Sources */ = {isa = PBXBuildFile; fileRef = 754C0468247E0E5D00A12CF7 /* Resistance.swift */; };
		754C046F247E0E5D00A12CF7 /* Array+Resistance.swift in Sources */ = {isa = PBXBuildFile; fileRef = 754C0469247E0E5D00A12CF7 /* Array+Resistance.swift */; };
		754C0470247E0E5D00A12CF7 /* Array+ManualLines.swift in Sources */ = {isa = PBXBuildFile; fileRef = 754C046A247E0E5D00A12CF7 /* Array+ManualLines.swift */; };
		754C0471247E0E5D00A12CF7 /* Angle.swift in Sources */ = {isa = PBXBuildFile; fileRef = 754C046B247E0E5D00A12CF7 /* Angle.swift */; };
		754C0472247E0E5D00A12CF7 /* Array+Point.swift in Sources */ = {isa = PBXBuildFile; fileRef = 754C046C247E0E5D00A12CF7 /* Array+Point.swift */; };
		754C0475247E0E6E00A12CF7 /* SimpleMovingAvg.swift in Sources */ = {isa = PBXBuildFile; fileRef = 754C0474247E0E6E00A12CF7 /* SimpleMovingAvg.swift */; };
		754C0500247E17DD00A12CF7 /* Dictionary.swift in Sources */ = {isa = PBXBuildFile; fileRef = 754C04B9247E17D600A12CF7 /* Dictionary.swift */; };
		754C0502247E17DD00A12CF7 /* UNNotificationCategory.swift in Sources */ = {isa = PBXBuildFile; fileRef = 754C04BB247E17D600A12CF7 /* UNNotificationCategory.swift */; };
		754C0505247E17DD00A12CF7 /* NSPersistentContainer.swift in Sources */ = {isa = PBXBuildFile; fileRef = 754C04BE247E17D700A12CF7 /* NSPersistentContainer.swift */; };
		754C050A247E17DD00A12CF7 /* IndexPath.swift in Sources */ = {isa = PBXBuildFile; fileRef = 754C04C3247E17D700A12CF7 /* IndexPath.swift */; };
		754C0511247E17DD00A12CF7 /* Bundle.swift in Sources */ = {isa = PBXBuildFile; fileRef = 754C04CA247E17D800A12CF7 /* Bundle.swift */; };
		754C0513247E17DD00A12CF7 /* Data.swift in Sources */ = {isa = PBXBuildFile; fileRef = 754C04CC247E17D800A12CF7 /* Data.swift */; };
		754C0515247E17DD00A12CF7 /* URL+HELPERS.swift in Sources */ = {isa = PBXBuildFile; fileRef = 754C04CE247E17D800A12CF7 /* URL+HELPERS.swift */; };
		754C051A247E17DD00A12CF7 /* Crawler.swift in Sources */ = {isa = PBXBuildFile; fileRef = 754C04D3247E17D900A12CF7 /* Crawler.swift */; };
		754C051C247E17DD00A12CF7 /* CLLocation.swift in Sources */ = {isa = PBXBuildFile; fileRef = 754C04D5247E17D900A12CF7 /* CLLocation.swift */; };
		754C051D247E17DD00A12CF7 /* CLLocationManager.swift in Sources */ = {isa = PBXBuildFile; fileRef = 754C04D6247E17D900A12CF7 /* CLLocationManager.swift */; };
		754C051E247E17DD00A12CF7 /* Int.swift in Sources */ = {isa = PBXBuildFile; fileRef = 754C04D7247E17D900A12CF7 /* Int.swift */; };
		754C051F247E17DD00A12CF7 /* TimeInterval.swift in Sources */ = {isa = PBXBuildFile; fileRef = 754C04D8247E17D900A12CF7 /* TimeInterval.swift */; };
		754C0520247E17DD00A12CF7 /* Array+ElementType.swift in Sources */ = {isa = PBXBuildFile; fileRef = 754C04D9247E17D900A12CF7 /* Array+ElementType.swift */; };
		754C0521247E17DD00A12CF7 /* CLLocationCoordinate2D.swift in Sources */ = {isa = PBXBuildFile; fileRef = 754C04DA247E17D900A12CF7 /* CLLocationCoordinate2D.swift */; };
		754C0522247E17DD00A12CF7 /* Math+Power^.swift in Sources */ = {isa = PBXBuildFile; fileRef = 754C04DB247E17D900A12CF7 /* Math+Power^.swift */; };
		754C0526247E17DD00A12CF7 /* Action.swift in Sources */ = {isa = PBXBuildFile; fileRef = 754C04DF247E17DA00A12CF7 /* Action.swift */; };
		754C0527247E17DD00A12CF7 /* Collection.swift in Sources */ = {isa = PBXBuildFile; fileRef = 754C04E0247E17DA00A12CF7 /* Collection.swift */; };
		754C0529247E17DD00A12CF7 /* Environment.swift in Sources */ = {isa = PBXBuildFile; fileRef = 754C04E2247E17DA00A12CF7 /* Environment.swift */; };
		754C052C247E17DD00A12CF7 /* Bool.swift in Sources */ = {isa = PBXBuildFile; fileRef = 754C04E5247E17DA00A12CF7 /* Bool.swift */; };
		754C052F247E17DD00A12CF7 /* sockaddr_in.swift in Sources */ = {isa = PBXBuildFile; fileRef = 754C04E8247E17DA00A12CF7 /* sockaddr_in.swift */; };
		754C0532247E17DD00A12CF7 /* Observable.swift in Sources */ = {isa = PBXBuildFile; fileRef = 754C04EB247E17DB00A12CF7 /* Observable.swift */; };
		754C0538247E17DD00A12CF7 /* UNUserNotificationCenter.swift in Sources */ = {isa = PBXBuildFile; fileRef = 754C04F1247E17DB00A12CF7 /* UNUserNotificationCenter.swift */; };
		754C0539247E17DD00A12CF7 /* TravelMethod.swift in Sources */ = {isa = PBXBuildFile; fileRef = 754C04F2247E17DB00A12CF7 /* TravelMethod.swift */; };
		754C053C247E17DD00A12CF7 /* String.swift in Sources */ = {isa = PBXBuildFile; fileRef = 754C04F5247E17DC00A12CF7 /* String.swift */; };
		754C053D247E17DD00A12CF7 /* Array.swift in Sources */ = {isa = PBXBuildFile; fileRef = 754C04F6247E17DC00A12CF7 /* Array.swift */; };
		754C053E247E17DD00A12CF7 /* NotificationCenter.swift in Sources */ = {isa = PBXBuildFile; fileRef = 754C04F7247E17DC00A12CF7 /* NotificationCenter.swift */; };
		754C053F247E17DD00A12CF7 /* Date.swift in Sources */ = {isa = PBXBuildFile; fileRef = 754C04F8247E17DC00A12CF7 /* Date.swift */; };
		754C0542247E17DD00A12CF7 /* Double.swift in Sources */ = {isa = PBXBuildFile; fileRef = 754C04FB247E17DC00A12CF7 /* Double.swift */; };
		754C0543247E17DD00A12CF7 /* Keychain.swift in Sources */ = {isa = PBXBuildFile; fileRef = 754C04FC247E17DC00A12CF7 /* Keychain.swift */; };
		754C0545247E1C7D00A12CF7 /* UserDefaults.swift in Sources */ = {isa = PBXBuildFile; fileRef = 754C0544247E1C7D00A12CF7 /* UserDefaults.swift */; };
		754C0547247EC11A00A12CF7 /* DataFrameTests.swift in Sources */ = {isa = PBXBuildFile; fileRef = 754C0546247EC11A00A12CF7 /* DataFrameTests.swift */; };
		754C0549247ED78300A12CF7 /* String+matrix.swift in Sources */ = {isa = PBXBuildFile; fileRef = 754C0548247ED78300A12CF7 /* String+matrix.swift */; };
		754C054B247ED8BF00A12CF7 /* StringMatrixTests.swift in Sources */ = {isa = PBXBuildFile; fileRef = 754C054A247ED8BF00A12CF7 /* StringMatrixTests.swift */; };
		754C054D247ED8ED00A12CF7 /* CSVTests.swift in Sources */ = {isa = PBXBuildFile; fileRef = 754C054C247ED8ED00A12CF7 /* CSVTests.swift */; };
		754C054F247EF57300A12CF7 /* CommaSeparatedArraytests.swift in Sources */ = {isa = PBXBuildFile; fileRef = 754C054E247EF57300A12CF7 /* CommaSeparatedArraytests.swift */; };
		754C0551247F4CF900A12CF7 /* Info.plist in Resources */ = {isa = PBXBuildFile; fileRef = 754C0550247F4CF900A12CF7 /* Info.plist */; };
		754C0553247F98C900A12CF7 /* TSLA.mlmodel in Sources */ = {isa = PBXBuildFile; fileRef = 754C0552247F98C900A12CF7 /* TSLA.mlmodel */; };
		754C055D2480520200A12CF7 /* UserPrincipalsURL.swift in Sources */ = {isa = PBXBuildFile; fileRef = 754C055C2480520200A12CF7 /* UserPrincipalsURL.swift */; };
		754C055F2480552100A12CF7 /* oauth2.swift in Sources */ = {isa = PBXBuildFile; fileRef = 754C055E2480552100A12CF7 /* oauth2.swift */; };
		754C0563248067DF00A12CF7 /* authURL.swift in Sources */ = {isa = PBXBuildFile; fileRef = 754C0562248067DF00A12CF7 /* authURL.swift */; };
		754C05652482EB8A00A12CF7 /* StreamerSubscriptionKeys.swift in Sources */ = {isa = PBXBuildFile; fileRef = 754C05642482EB8900A12CF7 /* StreamerSubscriptionKeys.swift */; };
		754C0567248572BB00A12CF7 /* URLRequest.swift in Sources */ = {isa = PBXBuildFile; fileRef = 754C0566248572BB00A12CF7 /* URLRequest.swift */; };
		754C05692485D8A400A12CF7 /* StringAny.swift in Sources */ = {isa = PBXBuildFile; fileRef = 754C05682485D8A300A12CF7 /* StringAny.swift */; };
		754C056D2487405400A12CF7 /* StreamRequest.swift in Sources */ = {isa = PBXBuildFile; fileRef = 754C056C2487405300A12CF7 /* StreamRequest.swift */; };
		754C056F248746FD00A12CF7 /* Encodable.swift in Sources */ = {isa = PBXBuildFile; fileRef = 754C056E248746FD00A12CF7 /* Encodable.swift */; };
		754C05732487509700A12CF7 /* TDSocketURL.swift in Sources */ = {isa = PBXBuildFile; fileRef = 754C05722487509700A12CF7 /* TDSocketURL.swift */; };
		75A4FC4B247E049C00E4DC0B /* AppDelegate.swift in Sources */ = {isa = PBXBuildFile; fileRef = 75A4FC4A247E049C00E4DC0B /* AppDelegate.swift */; };
		75A4FC4D247E049C00E4DC0B /* ViewController.swift in Sources */ = {isa = PBXBuildFile; fileRef = 75A4FC4C247E049C00E4DC0B /* ViewController.swift */; };
		75A4FC50247E049C00E4DC0B /* TimeFountain.xcdatamodeld in Sources */ = {isa = PBXBuildFile; fileRef = 75A4FC4E247E049C00E4DC0B /* TimeFountain.xcdatamodeld */; };
		75A4FC52247E049F00E4DC0B /* Assets.xcassets in Resources */ = {isa = PBXBuildFile; fileRef = 75A4FC51247E049F00E4DC0B /* Assets.xcassets */; };
		75A4FC55247E049F00E4DC0B /* Main.storyboard in Resources */ = {isa = PBXBuildFile; fileRef = 75A4FC53247E049F00E4DC0B /* Main.storyboard */; };
		75A4FC61247E049F00E4DC0B /* TimeFountainTests.swift in Sources */ = {isa = PBXBuildFile; fileRef = 75A4FC60247E049F00E4DC0B /* TimeFountainTests.swift */; };
		75A4FC6C247E049F00E4DC0B /* TimeFountainUITests.swift in Sources */ = {isa = PBXBuildFile; fileRef = 75A4FC6B247E049F00E4DC0B /* TimeFountainUITests.swift */; };
/* End PBXBuildFile section */

/* Begin PBXContainerItemProxy section */
		75A4FC5D247E049F00E4DC0B /* PBXContainerItemProxy */ = {
			isa = PBXContainerItemProxy;
			containerPortal = 75A4FC3F247E049C00E4DC0B /* Project object */;
			proxyType = 1;
			remoteGlobalIDString = 75A4FC46247E049C00E4DC0B;
			remoteInfo = TimeFountain;
		};
		75A4FC68247E049F00E4DC0B /* PBXContainerItemProxy */ = {
			isa = PBXContainerItemProxy;
			containerPortal = 75A4FC3F247E049C00E4DC0B /* Project object */;
			proxyType = 1;
			remoteGlobalIDString = 75A4FC46247E049C00E4DC0B;
			remoteInfo = TimeFountain;
		};
/* End PBXContainerItemProxy section */

/* Begin PBXFileReference section */
		754C03B6247E066800A12CF7 /* InputOutputs.swift */ = {isa = PBXFileReference; fileEncoding = 4; lastKnownFileType = sourcecode.swift; path = InputOutputs.swift; sourceTree = "<group>"; };
		754C03B7247E066800A12CF7 /* SimpleMovingAverageTests.swift */ = {isa = PBXFileReference; fileEncoding = 4; lastKnownFileType = sourcecode.swift; path = SimpleMovingAverageTests.swift; sourceTree = "<group>"; };
		754C03BC247E06B100A12CF7 /* Token.swift */ = {isa = PBXFileReference; fileEncoding = 4; lastKnownFileType = sourcecode.swift; path = Token.swift; sourceTree = "<group>"; };
		754C03BE247E06B800A12CF7 /* CancelTime.swift */ = {isa = PBXFileReference; fileEncoding = 4; lastKnownFileType = sourcecode.swift; path = CancelTime.swift; sourceTree = "<group>"; };
		754C03C0247E06BF00A12CF7 /* ChildOrderStrategy.swift */ = {isa = PBXFileReference; fileEncoding = 4; lastKnownFileType = sourcecode.swift; path = ChildOrderStrategy.swift; sourceTree = "<group>"; };
		754C03C1247E06BF00A12CF7 /* Hours.swift */ = {isa = PBXFileReference; fileEncoding = 4; lastKnownFileType = sourcecode.swift; path = Hours.swift; sourceTree = "<group>"; };
		754C03C4247E06C600A12CF7 /* Mover.swift */ = {isa = PBXFileReference; fileEncoding = 4; lastKnownFileType = sourcecode.swift; path = Mover.swift; sourceTree = "<group>"; };
		754C03C6247E06CE00A12CF7 /* OrderLegCollection.swift */ = {isa = PBXFileReference; fileEncoding = 4; lastKnownFileType = sourcecode.swift; path = OrderLegCollection.swift; sourceTree = "<group>"; };
		754C03C7247E06CE00A12CF7 /* OrderGet.swift */ = {isa = PBXFileReference; fileEncoding = 4; lastKnownFileType = sourcecode.swift; path = OrderGet.swift; sourceTree = "<group>"; };
		754C03CB247E06F800A12CF7 /* GeneralAccount.swift */ = {isa = PBXFileReference; fileEncoding = 4; lastKnownFileType = sourcecode.swift; path = GeneralAccount.swift; sourceTree = "<group>"; };
		754C03CC247E06F800A12CF7 /* Position.swift */ = {isa = PBXFileReference; fileEncoding = 4; lastKnownFileType = sourcecode.swift; path = Position.swift; sourceTree = "<group>"; };
		754C03CD247E06F800A12CF7 /* InitialBalances.swift */ = {isa = PBXFileReference; fileEncoding = 4; lastKnownFileType = sourcecode.swift; path = InitialBalances.swift; sourceTree = "<group>"; };
		754C03CE247E06F900A12CF7 /* MarginAccount.swift */ = {isa = PBXFileReference; fileEncoding = 4; lastKnownFileType = sourcecode.swift; path = MarginAccount.swift; sourceTree = "<group>"; };
		754C03CF247E06F900A12CF7 /* Balances.swift */ = {isa = PBXFileReference; fileEncoding = 4; lastKnownFileType = sourcecode.swift; path = Balances.swift; sourceTree = "<group>"; };
		754C03D0247E06F900A12CF7 /* OrderStrategy.swift */ = {isa = PBXFileReference; fileEncoding = 4; lastKnownFileType = sourcecode.swift; path = OrderStrategy.swift; sourceTree = "<group>"; };
		754C03D9247E0C5000A12CF7 /* Candle.swift */ = {isa = PBXFileReference; fileEncoding = 4; lastKnownFileType = sourcecode.swift; path = Candle.swift; sourceTree = "<group>"; };
		754C03DA247E0C5000A12CF7 /* CandleList.swift */ = {isa = PBXFileReference; fileEncoding = 4; lastKnownFileType = sourcecode.swift; path = CandleList.swift; sourceTree = "<group>"; };
		754C03DE247E0C6800A12CF7 /* Execution.swift */ = {isa = PBXFileReference; fileEncoding = 4; lastKnownFileType = sourcecode.swift; path = Execution.swift; sourceTree = "<group>"; };
		754C03DF247E0C6800A12CF7 /* FixedIncome.swift */ = {isa = PBXFileReference; fileEncoding = 4; lastKnownFileType = sourcecode.swift; path = FixedIncome.swift; sourceTree = "<group>"; };
		754C03E0247E0C6800A12CF7 /* GeneralInstrument.swift */ = {isa = PBXFileReference; fileEncoding = 4; lastKnownFileType = sourcecode.swift; path = GeneralInstrument.swift; sourceTree = "<group>"; };
		754C03E1247E0C6800A12CF7 /* CashEquivalent.swift */ = {isa = PBXFileReference; fileEncoding = 4; lastKnownFileType = sourcecode.swift; path = CashEquivalent.swift; sourceTree = "<group>"; };
		754C03E2247E0C6800A12CF7 /* MutualFund.swift */ = {isa = PBXFileReference; fileEncoding = 4; lastKnownFileType = sourcecode.swift; path = MutualFund.swift; sourceTree = "<group>"; };
		754C03E3247E0C6800A12CF7 /* Option.swift */ = {isa = PBXFileReference; fileEncoding = 4; lastKnownFileType = sourcecode.swift; path = Option.swift; sourceTree = "<group>"; };
		754C03EB247E0C7F00A12CF7 /* Fundamental.swift */ = {isa = PBXFileReference; fileEncoding = 4; lastKnownFileType = sourcecode.swift; path = Fundamental.swift; sourceTree = "<group>"; };
		754C03EC247E0C7F00A12CF7 /* InstrumentDetails.swift */ = {isa = PBXFileReference; fileEncoding = 4; lastKnownFileType = sourcecode.swift; path = InstrumentDetails.swift; sourceTree = "<group>"; };
		754C03ED247E0C7F00A12CF7 /* FundamentalClass.swift */ = {isa = PBXFileReference; fileEncoding = 4; lastKnownFileType = sourcecode.swift; path = FundamentalClass.swift; sourceTree = "<group>"; };
		754C03EE247E0C7F00A12CF7 /* Bond.swift */ = {isa = PBXFileReference; fileEncoding = 4; lastKnownFileType = sourcecode.swift; path = Bond.swift; sourceTree = "<group>"; };
		754C03EF247E0C8000A12CF7 /* FundamentalData.swift */ = {isa = PBXFileReference; fileEncoding = 4; lastKnownFileType = sourcecode.swift; path = FundamentalData.swift; sourceTree = "<group>"; };
		754C03F6247E0C9900A12CF7 /* OptionDeliverableList.swift */ = {isa = PBXFileReference; fileEncoding = 4; lastKnownFileType = sourcecode.swift; path = OptionDeliverableList.swift; sourceTree = "<group>"; };
		754C03F7247E0C9900A12CF7 /* OptionDeliverables.swift */ = {isa = PBXFileReference; fileEncoding = 4; lastKnownFileType = sourcecode.swift; path = OptionDeliverables.swift; sourceTree = "<group>"; };
		754C03F8247E0C9900A12CF7 /* OptionChain.swift */ = {isa = PBXFileReference; fileEncoding = 4; lastKnownFileType = sourcecode.swift; path = OptionChain.swift; sourceTree = "<group>"; };
		754C03F9247E0C9900A12CF7 /* Underlying.swift */ = {isa = PBXFileReference; fileEncoding = 4; lastKnownFileType = sourcecode.swift; path = Underlying.swift; sourceTree = "<group>"; };
		754C03FA247E0C9900A12CF7 /* ExpirationDate.swift */ = {isa = PBXFileReference; fileEncoding = 4; lastKnownFileType = sourcecode.swift; path = ExpirationDate.swift; sourceTree = "<group>"; };
		754C03FB247E0C9900A12CF7 /* ChainOption.swift */ = {isa = PBXFileReference; fileEncoding = 4; lastKnownFileType = sourcecode.swift; path = ChainOption.swift; sourceTree = "<group>"; };
		754C0403247E0CBF00A12CF7 /* Preferences.swift */ = {isa = PBXFileReference; fileEncoding = 4; lastKnownFileType = sourcecode.swift; path = Preferences.swift; sourceTree = "<group>"; };
		754C0406247E0CDB00A12CF7 /* QuoteOption.swift */ = {isa = PBXFileReference; fileEncoding = 4; lastKnownFileType = sourcecode.swift; path = QuoteOption.swift; sourceTree = "<group>"; };
		754C0407247E0CDB00A12CF7 /* ETF.swift */ = {isa = PBXFileReference; fileEncoding = 4; lastKnownFileType = sourcecode.swift; path = ETF.swift; sourceTree = "<group>"; };
		754C0408247E0CDB00A12CF7 /* QuoteEquity.swift */ = {isa = PBXFileReference; fileEncoding = 4; lastKnownFileType = sourcecode.swift; path = QuoteEquity.swift; sourceTree = "<group>"; };
		754C0409247E0CDC00A12CF7 /* QuoteFutureOption.swift */ = {isa = PBXFileReference; fileEncoding = 4; lastKnownFileType = sourcecode.swift; path = QuoteFutureOption.swift; sourceTree = "<group>"; };
		754C040A247E0CDC00A12CF7 /* QuoteIndex.swift */ = {isa = PBXFileReference; fileEncoding = 4; lastKnownFileType = sourcecode.swift; path = QuoteIndex.swift; sourceTree = "<group>"; };
		754C040B247E0CDC00A12CF7 /* QuoteMutualFund.swift */ = {isa = PBXFileReference; fileEncoding = 4; lastKnownFileType = sourcecode.swift; path = QuoteMutualFund.swift; sourceTree = "<group>"; };
		754C040C247E0CDC00A12CF7 /* QuoteFuture.swift */ = {isa = PBXFileReference; fileEncoding = 4; lastKnownFileType = sourcecode.swift; path = QuoteFuture.swift; sourceTree = "<group>"; };
		754C040D247E0CDC00A12CF7 /* QuoteForex.swift */ = {isa = PBXFileReference; fileEncoding = 4; lastKnownFileType = sourcecode.swift; path = QuoteForex.swift; sourceTree = "<group>"; };
		754C0417247E0CFC00A12CF7 /* StreamerSubscriptionKey.swift */ = {isa = PBXFileReference; fileEncoding = 4; lastKnownFileType = sourcecode.swift; path = StreamerSubscriptionKey.swift; sourceTree = "<group>"; };
		754C041A247E0D1400A12CF7 /* TransactionItem.swift */ = {isa = PBXFileReference; fileEncoding = 4; lastKnownFileType = sourcecode.swift; path = TransactionItem.swift; sourceTree = "<group>"; };
		754C041B247E0D1400A12CF7 /* TransactionInstrument.swift */ = {isa = PBXFileReference; fileEncoding = 4; lastKnownFileType = sourcecode.swift; path = TransactionInstrument.swift; sourceTree = "<group>"; };
		754C041F247E0D3200A12CF7 /* URL+Key.swift */ = {isa = PBXFileReference; fileEncoding = 4; lastKnownFileType = sourcecode.swift; path = "URL+Key.swift"; sourceTree = "<group>"; };
		754C0420247E0D3200A12CF7 /* URL+Factory.swift */ = {isa = PBXFileReference; fileEncoding = 4; lastKnownFileType = sourcecode.swift; path = "URL+Factory.swift"; sourceTree = "<group>"; };
		754C0421247E0D3200A12CF7 /* URLComponents.swift */ = {isa = PBXFileReference; fileEncoding = 4; lastKnownFileType = sourcecode.swift; path = URLComponents.swift; sourceTree = "<group>"; };
		754C0422247E0D3200A12CF7 /* URL+String.swift */ = {isa = PBXFileReference; fileEncoding = 4; lastKnownFileType = sourcecode.swift; path = "URL+String.swift"; sourceTree = "<group>"; };
		754C0423247E0D3200A12CF7 /* PeriodFrequencies.swift */ = {isa = PBXFileReference; fileEncoding = 4; lastKnownFileType = sourcecode.swift; path = PeriodFrequencies.swift; sourceTree = "<group>"; };
		754C0424247E0D3300A12CF7 /* EndPoints.swift */ = {isa = PBXFileReference; fileEncoding = 4; lastKnownFileType = sourcecode.swift; path = EndPoints.swift; sourceTree = "<group>"; };
		754C042C247E0D4900A12CF7 /* Authorizations.swift */ = {isa = PBXFileReference; fileEncoding = 4; lastKnownFileType = sourcecode.swift; path = Authorizations.swift; sourceTree = "<group>"; };
		754C042D247E0D4A00A12CF7 /* UserPrincipals.swift */ = {isa = PBXFileReference; fileEncoding = 4; lastKnownFileType = sourcecode.swift; path = UserPrincipals.swift; sourceTree = "<group>"; };
		754C042E247E0D4A00A12CF7 /* PrincipalQuotes.swift */ = {isa = PBXFileReference; fileEncoding = 4; lastKnownFileType = sourcecode.swift; path = PrincipalQuotes.swift; sourceTree = "<group>"; };
		754C042F247E0D4A00A12CF7 /* UpdatePrincipalData.swift */ = {isa = PBXFileReference; fileEncoding = 4; lastKnownFileType = sourcecode.swift; path = UpdatePrincipalData.swift; sourceTree = "<group>"; };
		754C0431247E0D4A00A12CF7 /* StreamerInfo.swift */ = {isa = PBXFileReference; fileEncoding = 4; lastKnownFileType = sourcecode.swift; path = StreamerInfo.swift; sourceTree = "<group>"; };
		754C0432247E0D4A00A12CF7 /* AccountPrincipal.swift */ = {isa = PBXFileReference; fileEncoding = 4; lastKnownFileType = sourcecode.swift; path = AccountPrincipal.swift; sourceTree = "<group>"; };
		754C043B247E0D5D00A12CF7 /* Instrument.swift */ = {isa = PBXFileReference; fileEncoding = 4; lastKnownFileType = sourcecode.swift; path = Instrument.swift; sourceTree = "<group>"; };
		754C043C247E0D5D00A12CF7 /* Watchlist.swift */ = {isa = PBXFileReference; fileEncoding = 4; lastKnownFileType = sourcecode.swift; path = Watchlist.swift; sourceTree = "<group>"; };
		754C043D247E0D5D00A12CF7 /* WatchlistItem.swift */ = {isa = PBXFileReference; fileEncoding = 4; lastKnownFileType = sourcecode.swift; path = WatchlistItem.swift; sourceTree = "<group>"; };
		754C0442247E0D9A00A12CF7 /* CSVRepresentable.swift */ = {isa = PBXFileReference; fileEncoding = 4; lastKnownFileType = sourcecode.swift; path = CSVRepresentable.swift; sourceTree = "<group>"; };
		754C0443247E0D9A00A12CF7 /* DataFrame.swift */ = {isa = PBXFileReference; fileEncoding = 4; lastKnownFileType = sourcecode.swift; path = DataFrame.swift; sourceTree = "<group>"; };
		754C0447247E0DBC00A12CF7 /* String+Plist.swift */ = {isa = PBXFileReference; fileEncoding = 4; lastKnownFileType = sourcecode.swift; path = "String+Plist.swift"; sourceTree = "<group>"; };
		754C0449247E0DBC00A12CF7 /* Codable.swift */ = {isa = PBXFileReference; fileEncoding = 4; lastKnownFileType = sourcecode.swift; path = Codable.swift; sourceTree = "<group>"; };
		754C044A247E0DBD00A12CF7 /* URL.swift */ = {isa = PBXFileReference; fileEncoding = 4; lastKnownFileType = sourcecode.swift; path = URL.swift; sourceTree = "<group>"; };
		754C044C247E0DBD00A12CF7 /* Array+Int.swift */ = {isa = PBXFileReference; fileEncoding = 4; lastKnownFileType = sourcecode.swift; path = "Array+Int.swift"; sourceTree = "<group>"; };
		754C044E247E0DBD00A12CF7 /* Plist.swift */ = {isa = PBXFileReference; fileEncoding = 4; lastKnownFileType = sourcecode.swift; path = Plist.swift; sourceTree = "<group>"; };
		754C045C247E0E3700A12CF7 /* MACD.swift */ = {isa = PBXFileReference; fileEncoding = 4; lastKnownFileType = sourcecode.swift; path = MACD.swift; sourceTree = "<group>"; };
		754C045E247E0E4000A12CF7 /* Point.swift */ = {isa = PBXFileReference; fileEncoding = 4; lastKnownFileType = sourcecode.swift; path = Point.swift; sourceTree = "<group>"; };
		754C045F247E0E4000A12CF7 /* MovAvgExponential.swift */ = {isa = PBXFileReference; fileEncoding = 4; lastKnownFileType = sourcecode.swift; path = MovAvgExponential.swift; sourceTree = "<group>"; };
		754C0460247E0E4000A12CF7 /* RSI.swift */ = {isa = PBXFileReference; fileEncoding = 4; lastKnownFileType = sourcecode.swift; path = RSI.swift; sourceTree = "<group>"; };
		754C0464247E0E4A00A12CF7 /* VWAP.swift */ = {isa = PBXFileReference; fileEncoding = 4; lastKnownFileType = sourcecode.swift; path = VWAP.swift; sourceTree = "<group>"; };
		754C0467247E0E5D00A12CF7 /* ManualLineEntry.swift */ = {isa = PBXFileReference; fileEncoding = 4; lastKnownFileType = sourcecode.swift; path = ManualLineEntry.swift; sourceTree = "<group>"; };
		754C0468247E0E5D00A12CF7 /* Resistance.swift */ = {isa = PBXFileReference; fileEncoding = 4; lastKnownFileType = sourcecode.swift; path = Resistance.swift; sourceTree = "<group>"; };
		754C0469247E0E5D00A12CF7 /* Array+Resistance.swift */ = {isa = PBXFileReference; fileEncoding = 4; lastKnownFileType = sourcecode.swift; path = "Array+Resistance.swift"; sourceTree = "<group>"; };
		754C046A247E0E5D00A12CF7 /* Array+ManualLines.swift */ = {isa = PBXFileReference; fileEncoding = 4; lastKnownFileType = sourcecode.swift; path = "Array+ManualLines.swift"; sourceTree = "<group>"; };
		754C046B247E0E5D00A12CF7 /* Angle.swift */ = {isa = PBXFileReference; fileEncoding = 4; lastKnownFileType = sourcecode.swift; path = Angle.swift; sourceTree = "<group>"; };
		754C046C247E0E5D00A12CF7 /* Array+Point.swift */ = {isa = PBXFileReference; fileEncoding = 4; lastKnownFileType = sourcecode.swift; path = "Array+Point.swift"; sourceTree = "<group>"; };
		754C0474247E0E6E00A12CF7 /* SimpleMovingAvg.swift */ = {isa = PBXFileReference; fileEncoding = 4; lastKnownFileType = sourcecode.swift; path = SimpleMovingAvg.swift; sourceTree = "<group>"; };
		754C04B9247E17D600A12CF7 /* Dictionary.swift */ = {isa = PBXFileReference; fileEncoding = 4; lastKnownFileType = sourcecode.swift; path = Dictionary.swift; sourceTree = "<group>"; };
		754C04BB247E17D600A12CF7 /* UNNotificationCategory.swift */ = {isa = PBXFileReference; fileEncoding = 4; lastKnownFileType = sourcecode.swift; path = UNNotificationCategory.swift; sourceTree = "<group>"; };
		754C04BE247E17D700A12CF7 /* NSPersistentContainer.swift */ = {isa = PBXFileReference; fileEncoding = 4; lastKnownFileType = sourcecode.swift; path = NSPersistentContainer.swift; sourceTree = "<group>"; };
		754C04C3247E17D700A12CF7 /* IndexPath.swift */ = {isa = PBXFileReference; fileEncoding = 4; lastKnownFileType = sourcecode.swift; path = IndexPath.swift; sourceTree = "<group>"; };
		754C04CA247E17D800A12CF7 /* Bundle.swift */ = {isa = PBXFileReference; fileEncoding = 4; lastKnownFileType = sourcecode.swift; path = Bundle.swift; sourceTree = "<group>"; };
		754C04CC247E17D800A12CF7 /* Data.swift */ = {isa = PBXFileReference; fileEncoding = 4; lastKnownFileType = sourcecode.swift; path = Data.swift; sourceTree = "<group>"; };
		754C04CE247E17D800A12CF7 /* URL+HELPERS.swift */ = {isa = PBXFileReference; fileEncoding = 4; lastKnownFileType = sourcecode.swift; path = "URL+HELPERS.swift"; sourceTree = "<group>"; };
		754C04D3247E17D900A12CF7 /* Crawler.swift */ = {isa = PBXFileReference; fileEncoding = 4; lastKnownFileType = sourcecode.swift; path = Crawler.swift; sourceTree = "<group>"; };
		754C04D5247E17D900A12CF7 /* CLLocation.swift */ = {isa = PBXFileReference; fileEncoding = 4; lastKnownFileType = sourcecode.swift; path = CLLocation.swift; sourceTree = "<group>"; };
		754C04D6247E17D900A12CF7 /* CLLocationManager.swift */ = {isa = PBXFileReference; fileEncoding = 4; lastKnownFileType = sourcecode.swift; path = CLLocationManager.swift; sourceTree = "<group>"; };
		754C04D7247E17D900A12CF7 /* Int.swift */ = {isa = PBXFileReference; fileEncoding = 4; lastKnownFileType = sourcecode.swift; path = Int.swift; sourceTree = "<group>"; };
		754C04D8247E17D900A12CF7 /* TimeInterval.swift */ = {isa = PBXFileReference; fileEncoding = 4; lastKnownFileType = sourcecode.swift; path = TimeInterval.swift; sourceTree = "<group>"; };
		754C04D9247E17D900A12CF7 /* Array+ElementType.swift */ = {isa = PBXFileReference; fileEncoding = 4; lastKnownFileType = sourcecode.swift; path = "Array+ElementType.swift"; sourceTree = "<group>"; };
		754C04DA247E17D900A12CF7 /* CLLocationCoordinate2D.swift */ = {isa = PBXFileReference; fileEncoding = 4; lastKnownFileType = sourcecode.swift; path = CLLocationCoordinate2D.swift; sourceTree = "<group>"; };
		754C04DB247E17D900A12CF7 /* Math+Power^.swift */ = {isa = PBXFileReference; fileEncoding = 4; lastKnownFileType = sourcecode.swift; path = "Math+Power^.swift"; sourceTree = "<group>"; };
		754C04DF247E17DA00A12CF7 /* Action.swift */ = {isa = PBXFileReference; fileEncoding = 4; lastKnownFileType = sourcecode.swift; path = Action.swift; sourceTree = "<group>"; };
		754C04E0247E17DA00A12CF7 /* Collection.swift */ = {isa = PBXFileReference; fileEncoding = 4; lastKnownFileType = sourcecode.swift; path = Collection.swift; sourceTree = "<group>"; };
		754C04E2247E17DA00A12CF7 /* Environment.swift */ = {isa = PBXFileReference; fileEncoding = 4; lastKnownFileType = sourcecode.swift; path = Environment.swift; sourceTree = "<group>"; };
		754C04E5247E17DA00A12CF7 /* Bool.swift */ = {isa = PBXFileReference; fileEncoding = 4; lastKnownFileType = sourcecode.swift; path = Bool.swift; sourceTree = "<group>"; };
		754C04E8247E17DA00A12CF7 /* sockaddr_in.swift */ = {isa = PBXFileReference; fileEncoding = 4; lastKnownFileType = sourcecode.swift; path = sockaddr_in.swift; sourceTree = "<group>"; };
		754C04EB247E17DB00A12CF7 /* Observable.swift */ = {isa = PBXFileReference; fileEncoding = 4; lastKnownFileType = sourcecode.swift; path = Observable.swift; sourceTree = "<group>"; };
		754C04F1247E17DB00A12CF7 /* UNUserNotificationCenter.swift */ = {isa = PBXFileReference; fileEncoding = 4; lastKnownFileType = sourcecode.swift; path = UNUserNotificationCenter.swift; sourceTree = "<group>"; };
		754C04F2247E17DB00A12CF7 /* TravelMethod.swift */ = {isa = PBXFileReference; fileEncoding = 4; lastKnownFileType = sourcecode.swift; path = TravelMethod.swift; sourceTree = "<group>"; };
		754C04F5247E17DC00A12CF7 /* String.swift */ = {isa = PBXFileReference; fileEncoding = 4; lastKnownFileType = sourcecode.swift; path = String.swift; sourceTree = "<group>"; };
		754C04F6247E17DC00A12CF7 /* Array.swift */ = {isa = PBXFileReference; fileEncoding = 4; lastKnownFileType = sourcecode.swift; path = Array.swift; sourceTree = "<group>"; };
		754C04F7247E17DC00A12CF7 /* NotificationCenter.swift */ = {isa = PBXFileReference; fileEncoding = 4; lastKnownFileType = sourcecode.swift; path = NotificationCenter.swift; sourceTree = "<group>"; };
		754C04F8247E17DC00A12CF7 /* Date.swift */ = {isa = PBXFileReference; fileEncoding = 4; lastKnownFileType = sourcecode.swift; path = Date.swift; sourceTree = "<group>"; };
		754C04FB247E17DC00A12CF7 /* Double.swift */ = {isa = PBXFileReference; fileEncoding = 4; lastKnownFileType = sourcecode.swift; path = Double.swift; sourceTree = "<group>"; };
		754C04FC247E17DC00A12CF7 /* Keychain.swift */ = {isa = PBXFileReference; fileEncoding = 4; lastKnownFileType = sourcecode.swift; path = Keychain.swift; sourceTree = "<group>"; };
		754C0544247E1C7D00A12CF7 /* UserDefaults.swift */ = {isa = PBXFileReference; lastKnownFileType = sourcecode.swift; path = UserDefaults.swift; sourceTree = "<group>"; };
		754C0546247EC11A00A12CF7 /* DataFrameTests.swift */ = {isa = PBXFileReference; lastKnownFileType = sourcecode.swift; path = DataFrameTests.swift; sourceTree = "<group>"; };
		754C0548247ED78300A12CF7 /* String+matrix.swift */ = {isa = PBXFileReference; lastKnownFileType = sourcecode.swift; path = "String+matrix.swift"; sourceTree = "<group>"; };
		754C054A247ED8BF00A12CF7 /* StringMatrixTests.swift */ = {isa = PBXFileReference; lastKnownFileType = sourcecode.swift; path = StringMatrixTests.swift; sourceTree = "<group>"; };
		754C054C247ED8ED00A12CF7 /* CSVTests.swift */ = {isa = PBXFileReference; lastKnownFileType = sourcecode.swift; path = CSVTests.swift; sourceTree = "<group>"; };
		754C054E247EF57300A12CF7 /* CommaSeparatedArraytests.swift */ = {isa = PBXFileReference; lastKnownFileType = sourcecode.swift; path = CommaSeparatedArraytests.swift; sourceTree = "<group>"; };
		754C0550247F4CF900A12CF7 /* Info.plist */ = {isa = PBXFileReference; fileEncoding = 4; lastKnownFileType = text.plist.xml; path = Info.plist; sourceTree = "<group>"; };
		754C0552247F98C900A12CF7 /* TSLA.mlmodel */ = {isa = PBXFileReference; lastKnownFileType = file.mlmodel; path = TSLA.mlmodel; sourceTree = "<group>"; };
		754C055C2480520200A12CF7 /* UserPrincipalsURL.swift */ = {isa = PBXFileReference; lastKnownFileType = sourcecode.swift; path = UserPrincipalsURL.swift; sourceTree = "<group>"; };
		754C055E2480552100A12CF7 /* oauth2.swift */ = {isa = PBXFileReference; lastKnownFileType = sourcecode.swift; path = oauth2.swift; sourceTree = "<group>"; };
		754C0562248067DF00A12CF7 /* authURL.swift */ = {isa = PBXFileReference; lastKnownFileType = sourcecode.swift; path = authURL.swift; sourceTree = "<group>"; };
		754C05642482EB8900A12CF7 /* StreamerSubscriptionKeys.swift */ = {isa = PBXFileReference; lastKnownFileType = sourcecode.swift; path = StreamerSubscriptionKeys.swift; sourceTree = "<group>"; };
		754C0566248572BB00A12CF7 /* URLRequest.swift */ = {isa = PBXFileReference; lastKnownFileType = sourcecode.swift; path = URLRequest.swift; sourceTree = "<group>"; };
		754C05682485D8A300A12CF7 /* StringAny.swift */ = {isa = PBXFileReference; lastKnownFileType = sourcecode.swift; path = StringAny.swift; sourceTree = "<group>"; };
		754C056C2487405300A12CF7 /* StreamRequest.swift */ = {isa = PBXFileReference; lastKnownFileType = sourcecode.swift; path = StreamRequest.swift; sourceTree = "<group>"; };
		754C056E248746FD00A12CF7 /* Encodable.swift */ = {isa = PBXFileReference; lastKnownFileType = sourcecode.swift; path = Encodable.swift; sourceTree = "<group>"; };
		754C05722487509700A12CF7 /* TDSocketURL.swift */ = {isa = PBXFileReference; lastKnownFileType = sourcecode.swift; path = TDSocketURL.swift; sourceTree = "<group>"; };
		75A4FC47247E049C00E4DC0B /* TimeFountain.app */ = {isa = PBXFileReference; explicitFileType = wrapper.application; includeInIndex = 0; path = TimeFountain.app; sourceTree = BUILT_PRODUCTS_DIR; };
		75A4FC4A247E049C00E4DC0B /* AppDelegate.swift */ = {isa = PBXFileReference; lastKnownFileType = sourcecode.swift; path = AppDelegate.swift; sourceTree = "<group>"; };
		75A4FC4C247E049C00E4DC0B /* ViewController.swift */ = {isa = PBXFileReference; lastKnownFileType = sourcecode.swift; path = ViewController.swift; sourceTree = "<group>"; };
		75A4FC4F247E049C00E4DC0B /* TimeFountain.xcdatamodel */ = {isa = PBXFileReference; lastKnownFileType = wrapper.xcdatamodel; path = TimeFountain.xcdatamodel; sourceTree = "<group>"; };
		75A4FC51247E049F00E4DC0B /* Assets.xcassets */ = {isa = PBXFileReference; lastKnownFileType = folder.assetcatalog; path = Assets.xcassets; sourceTree = "<group>"; };
		75A4FC54247E049F00E4DC0B /* Base */ = {isa = PBXFileReference; lastKnownFileType = file.storyboard; name = Base; path = Base.lproj/Main.storyboard; sourceTree = "<group>"; };
		75A4FC57247E049F00E4DC0B /* TimeFountain.entitlements */ = {isa = PBXFileReference; lastKnownFileType = text.plist.entitlements; path = TimeFountain.entitlements; sourceTree = "<group>"; };
		75A4FC5C247E049F00E4DC0B /* TimeFountainTests.xctest */ = {isa = PBXFileReference; explicitFileType = wrapper.cfbundle; includeInIndex = 0; path = TimeFountainTests.xctest; sourceTree = BUILT_PRODUCTS_DIR; };
		75A4FC60247E049F00E4DC0B /* TimeFountainTests.swift */ = {isa = PBXFileReference; lastKnownFileType = sourcecode.swift; path = TimeFountainTests.swift; sourceTree = "<group>"; };
		75A4FC62247E049F00E4DC0B /* Info.plist */ = {isa = PBXFileReference; lastKnownFileType = text.plist.xml; path = Info.plist; sourceTree = "<group>"; };
		75A4FC67247E049F00E4DC0B /* TimeFountainUITests.xctest */ = {isa = PBXFileReference; explicitFileType = wrapper.cfbundle; includeInIndex = 0; path = TimeFountainUITests.xctest; sourceTree = BUILT_PRODUCTS_DIR; };
		75A4FC6B247E049F00E4DC0B /* TimeFountainUITests.swift */ = {isa = PBXFileReference; lastKnownFileType = sourcecode.swift; path = TimeFountainUITests.swift; sourceTree = "<group>"; };
		75A4FC6D247E049F00E4DC0B /* Info.plist */ = {isa = PBXFileReference; lastKnownFileType = text.plist.xml; path = Info.plist; sourceTree = "<group>"; };
/* End PBXFileReference section */

/* Begin PBXFrameworksBuildPhase section */
		75A4FC44247E049C00E4DC0B /* Frameworks */ = {
			isa = PBXFrameworksBuildPhase;
			buildActionMask = 2147483647;
			files = (
			);
			runOnlyForDeploymentPostprocessing = 0;
		};
		75A4FC59247E049F00E4DC0B /* Frameworks */ = {
			isa = PBXFrameworksBuildPhase;
			buildActionMask = 2147483647;
			files = (
			);
			runOnlyForDeploymentPostprocessing = 0;
		};
		75A4FC64247E049F00E4DC0B /* Frameworks */ = {
			isa = PBXFrameworksBuildPhase;
			buildActionMask = 2147483647;
			files = (
			);
			runOnlyForDeploymentPostprocessing = 0;
		};
/* End PBXFrameworksBuildPhase section */

/* Begin PBXGroup section */
		754C03BA247E068400A12CF7 /* API */ = {
			isa = PBXGroup;
			children = (
				754C03BB247E068E00A12CF7 /* TDAmeritrade */,
			);
			path = API;
			sourceTree = "<group>";
		};
		754C03BB247E068E00A12CF7 /* TDAmeritrade */ = {
			isa = PBXGroup;
			children = (
				754C03C7247E06CE00A12CF7 /* OrderGet.swift */,
				754C03C6247E06CE00A12CF7 /* OrderLegCollection.swift */,
				754C03C4247E06C600A12CF7 /* Mover.swift */,
				754C03C0247E06BF00A12CF7 /* ChildOrderStrategy.swift */,
				754C03C1247E06BF00A12CF7 /* Hours.swift */,
				754C03BE247E06B800A12CF7 /* CancelTime.swift */,
				754C03BC247E06B100A12CF7 /* Token.swift */,
				754C043A247E0D5400A12CF7 /* Watchlist */,
				754C042B247E0D3A00A12CF7 /* UserPrincipleData */,
				754C041E247E0D2800A12CF7 /* URL */,
				754C0419247E0D0600A12CF7 /* Transaction */,
				754C0416247E0CF000A12CF7 /* StreamerSubscriptionKeys */,
				754C0405247E0CC500A12CF7 /* Quotes */,
				754C0402247E0CB500A12CF7 /* Preferences */,
				754C03F5247E0C8C00A12CF7 /* OptionChains */,
				754C03EA247E0C7400A12CF7 /* Instruments */,
				754C03DD247E0C6000A12CF7 /* Instrument */,
				754C03D8247E070E00A12CF7 /* Candles */,
				754C03CA247E06ED00A12CF7 /* Account */,
			);
			path = TDAmeritrade;
			sourceTree = "<group>";
		};
		754C03CA247E06ED00A12CF7 /* Account */ = {
			isa = PBXGroup;
			children = (
				754C03CF247E06F900A12CF7 /* Balances.swift */,
				754C03CB247E06F800A12CF7 /* GeneralAccount.swift */,
				754C03CD247E06F800A12CF7 /* InitialBalances.swift */,
				754C03CE247E06F900A12CF7 /* MarginAccount.swift */,
				754C03D0247E06F900A12CF7 /* OrderStrategy.swift */,
				754C03CC247E06F800A12CF7 /* Position.swift */,
			);
			path = Account;
			sourceTree = "<group>";
		};
		754C03D8247E070E00A12CF7 /* Candles */ = {
			isa = PBXGroup;
			children = (
				754C03D9247E0C5000A12CF7 /* Candle.swift */,
				754C03DA247E0C5000A12CF7 /* CandleList.swift */,
			);
			path = Candles;
			sourceTree = "<group>";
		};
		754C03DD247E0C6000A12CF7 /* Instrument */ = {
			isa = PBXGroup;
			children = (
				754C03E1247E0C6800A12CF7 /* CashEquivalent.swift */,
				754C03DE247E0C6800A12CF7 /* Execution.swift */,
				754C03DF247E0C6800A12CF7 /* FixedIncome.swift */,
				754C03E0247E0C6800A12CF7 /* GeneralInstrument.swift */,
				754C03E2247E0C6800A12CF7 /* MutualFund.swift */,
				754C03E3247E0C6800A12CF7 /* Option.swift */,
			);
			path = Instrument;
			sourceTree = "<group>";
		};
		754C03EA247E0C7400A12CF7 /* Instruments */ = {
			isa = PBXGroup;
			children = (
				754C03EE247E0C7F00A12CF7 /* Bond.swift */,
				754C03EB247E0C7F00A12CF7 /* Fundamental.swift */,
				754C03ED247E0C7F00A12CF7 /* FundamentalClass.swift */,
				754C03EF247E0C8000A12CF7 /* FundamentalData.swift */,
				754C03EC247E0C7F00A12CF7 /* InstrumentDetails.swift */,
			);
			path = Instruments;
			sourceTree = "<group>";
		};
		754C03F5247E0C8C00A12CF7 /* OptionChains */ = {
			isa = PBXGroup;
			children = (
				754C03FB247E0C9900A12CF7 /* ChainOption.swift */,
				754C03FA247E0C9900A12CF7 /* ExpirationDate.swift */,
				754C03F8247E0C9900A12CF7 /* OptionChain.swift */,
				754C03F6247E0C9900A12CF7 /* OptionDeliverableList.swift */,
				754C03F7247E0C9900A12CF7 /* OptionDeliverables.swift */,
				754C03F9247E0C9900A12CF7 /* Underlying.swift */,
			);
			path = OptionChains;
			sourceTree = "<group>";
		};
		754C0402247E0CB500A12CF7 /* Preferences */ = {
			isa = PBXGroup;
			children = (
				754C0403247E0CBF00A12CF7 /* Preferences.swift */,
			);
			path = Preferences;
			sourceTree = "<group>";
		};
		754C0405247E0CC500A12CF7 /* Quotes */ = {
			isa = PBXGroup;
			children = (
				754C0407247E0CDB00A12CF7 /* ETF.swift */,
				754C0408247E0CDB00A12CF7 /* QuoteEquity.swift */,
				754C040D247E0CDC00A12CF7 /* QuoteForex.swift */,
				754C040C247E0CDC00A12CF7 /* QuoteFuture.swift */,
				754C0409247E0CDC00A12CF7 /* QuoteFutureOption.swift */,
				754C040A247E0CDC00A12CF7 /* QuoteIndex.swift */,
				754C040B247E0CDC00A12CF7 /* QuoteMutualFund.swift */,
				754C0406247E0CDB00A12CF7 /* QuoteOption.swift */,
			);
			path = Quotes;
			sourceTree = "<group>";
		};
		754C0416247E0CF000A12CF7 /* StreamerSubscriptionKeys */ = {
			isa = PBXGroup;
			children = (
				754C0417247E0CFC00A12CF7 /* StreamerSubscriptionKey.swift */,
			);
			path = StreamerSubscriptionKeys;
			sourceTree = "<group>";
		};
		754C0419247E0D0600A12CF7 /* Transaction */ = {
			isa = PBXGroup;
			children = (
				754C041B247E0D1400A12CF7 /* TransactionInstrument.swift */,
				754C041A247E0D1400A12CF7 /* TransactionItem.swift */,
			);
			path = Transaction;
			sourceTree = "<group>";
		};
		754C041E247E0D2800A12CF7 /* URL */ = {
			isa = PBXGroup;
			children = (
				754C0424247E0D3300A12CF7 /* EndPoints.swift */,
				754C05722487509700A12CF7 /* TDSocketURL.swift */,
				754C0423247E0D3200A12CF7 /* PeriodFrequencies.swift */,
				754C0420247E0D3200A12CF7 /* URL+Factory.swift */,
				754C055C2480520200A12CF7 /* UserPrincipalsURL.swift */,
				754C055E2480552100A12CF7 /* oauth2.swift */,
				754C05642482EB8900A12CF7 /* StreamerSubscriptionKeys.swift */,
				754C0562248067DF00A12CF7 /* authURL.swift */,
				754C041F247E0D3200A12CF7 /* URL+Key.swift */,
				754C0422247E0D3200A12CF7 /* URL+String.swift */,
				754C0421247E0D3200A12CF7 /* URLComponents.swift */,
			);
			path = URL;
			sourceTree = "<group>";
		};
		754C042B247E0D3A00A12CF7 /* UserPrincipleData */ = {
			isa = PBXGroup;
			children = (
				754C0432247E0D4A00A12CF7 /* AccountPrincipal.swift */,
				754C042C247E0D4900A12CF7 /* Authorizations.swift */,
				754C042E247E0D4A00A12CF7 /* PrincipalQuotes.swift */,
				754C0431247E0D4A00A12CF7 /* StreamerInfo.swift */,
				754C042F247E0D4A00A12CF7 /* UpdatePrincipalData.swift */,
				754C042D247E0D4A00A12CF7 /* UserPrincipals.swift */,
				754C056C2487405300A12CF7 /* StreamRequest.swift */,
			);
			path = UserPrincipleData;
			sourceTree = "<group>";
		};
		754C043A247E0D5400A12CF7 /* Watchlist */ = {
			isa = PBXGroup;
			children = (
				754C043B247E0D5D00A12CF7 /* Instrument.swift */,
				754C043C247E0D5D00A12CF7 /* Watchlist.swift */,
				754C043D247E0D5D00A12CF7 /* WatchlistItem.swift */,
			);
			path = Watchlist;
			sourceTree = "<group>";
		};
		754C0441247E0D8800A12CF7 /* CreateCSV */ = {
			isa = PBXGroup;
			children = (
				754C0442247E0D9A00A12CF7 /* CSVRepresentable.swift */,
				754C0443247E0D9A00A12CF7 /* DataFrame.swift */,
				754C0548247ED78300A12CF7 /* String+matrix.swift */,
			);
			path = CreateCSV;
			sourceTree = "<group>";
		};
		754C0446247E0DAC00A12CF7 /* Extensions */ = {
			isa = PBXGroup;
			children = (
				754C044C247E0DBD00A12CF7 /* Array+Int.swift */,
				754C05682485D8A300A12CF7 /* StringAny.swift */,
				754C0449247E0DBC00A12CF7 /* Codable.swift */,
				754C044E247E0DBD00A12CF7 /* Plist.swift */,
				754C0447247E0DBC00A12CF7 /* String+Plist.swift */,
				754C044A247E0DBD00A12CF7 /* URL.swift */,
				754C0566248572BB00A12CF7 /* URLRequest.swift */,
				754C056E248746FD00A12CF7 /* Encodable.swift */,
			);
			path = Extensions;
			sourceTree = "<group>";
		};
		754C045B247E0DCC00A12CF7 /* TOSIndicators */ = {
			isa = PBXGroup;
			children = (
				754C045C247E0E3700A12CF7 /* MACD.swift */,
				754C045F247E0E4000A12CF7 /* MovAvgExponential.swift */,
				754C045E247E0E4000A12CF7 /* Point.swift */,
				754C0460247E0E4000A12CF7 /* RSI.swift */,
				754C0464247E0E4A00A12CF7 /* VWAP.swift */,
				754C0473247E0E6600A12CF7 /* SMA */,
				754C0466247E0E5200A12CF7 /* ManualLines */,
			);
			path = TOSIndicators;
			sourceTree = "<group>";
		};
		754C0466247E0E5200A12CF7 /* ManualLines */ = {
			isa = PBXGroup;
			children = (
				754C046B247E0E5D00A12CF7 /* Angle.swift */,
				754C046A247E0E5D00A12CF7 /* Array+ManualLines.swift */,
				754C046C247E0E5D00A12CF7 /* Array+Point.swift */,
				754C0469247E0E5D00A12CF7 /* Array+Resistance.swift */,
				754C0467247E0E5D00A12CF7 /* ManualLineEntry.swift */,
				754C0468247E0E5D00A12CF7 /* Resistance.swift */,
			);
			path = ManualLines;
			sourceTree = "<group>";
		};
		754C0473247E0E6600A12CF7 /* SMA */ = {
			isa = PBXGroup;
			children = (
				754C0474247E0E6E00A12CF7 /* SimpleMovingAvg.swift */,
			);
			path = SMA;
			sourceTree = "<group>";
		};
		754C0476247E151F00A12CF7 /* Interview */ = {
			isa = PBXGroup;
			children = (
				754C04DF247E17DA00A12CF7 /* Action.swift */,
				754C04F6247E17DC00A12CF7 /* Array.swift */,
				754C04D9247E17D900A12CF7 /* Array+ElementType.swift */,
				754C04E5247E17DA00A12CF7 /* Bool.swift */,
				754C04CA247E17D800A12CF7 /* Bundle.swift */,
				754C04D5247E17D900A12CF7 /* CLLocation.swift */,
				754C04DA247E17D900A12CF7 /* CLLocationCoordinate2D.swift */,
				754C04D6247E17D900A12CF7 /* CLLocationManager.swift */,
				754C04E0247E17DA00A12CF7 /* Collection.swift */,
				754C04D3247E17D900A12CF7 /* Crawler.swift */,
				754C04CC247E17D800A12CF7 /* Data.swift */,
				754C04F8247E17DC00A12CF7 /* Date.swift */,
				754C04B9247E17D600A12CF7 /* Dictionary.swift */,
				754C04FB247E17DC00A12CF7 /* Double.swift */,
				754C04E2247E17DA00A12CF7 /* Environment.swift */,
				754C04C3247E17D700A12CF7 /* IndexPath.swift */,
				754C04D7247E17D900A12CF7 /* Int.swift */,
				754C04FC247E17DC00A12CF7 /* Keychain.swift */,
				754C04DB247E17D900A12CF7 /* Math+Power^.swift */,
				754C04F7247E17DC00A12CF7 /* NotificationCenter.swift */,
				754C04BE247E17D700A12CF7 /* NSPersistentContainer.swift */,
				754C04EB247E17DB00A12CF7 /* Observable.swift */,
				754C04E8247E17DA00A12CF7 /* sockaddr_in.swift */,
				754C04F5247E17DC00A12CF7 /* String.swift */,
				754C04D8247E17D900A12CF7 /* TimeInterval.swift */,
				754C04F2247E17DB00A12CF7 /* TravelMethod.swift */,
				754C04BB247E17D600A12CF7 /* UNNotificationCategory.swift */,
				754C04F1247E17DB00A12CF7 /* UNUserNotificationCenter.swift */,
				754C04CE247E17D800A12CF7 /* URL+HELPERS.swift */,
				754C0544247E1C7D00A12CF7 /* UserDefaults.swift */,
			);
			path = Interview;
			sourceTree = "<group>";
		};
		75A4FC3E247E049C00E4DC0B = {
			isa = PBXGroup;
			children = (
				75A4FC49247E049C00E4DC0B /* TimeFountain */,
				75A4FC5F247E049F00E4DC0B /* TimeFountainTests */,
				75A4FC6A247E049F00E4DC0B /* TimeFountainUITests */,
				75A4FC48247E049C00E4DC0B /* Products */,
			);
			sourceTree = "<group>";
		};
		75A4FC48247E049C00E4DC0B /* Products */ = {
			isa = PBXGroup;
			children = (
				75A4FC47247E049C00E4DC0B /* TimeFountain.app */,
				75A4FC5C247E049F00E4DC0B /* TimeFountainTests.xctest */,
				75A4FC67247E049F00E4DC0B /* TimeFountainUITests.xctest */,
			);
			name = Products;
			sourceTree = "<group>";
		};
		75A4FC49247E049C00E4DC0B /* TimeFountain */ = {
			isa = PBXGroup;
			children = (
				754C0552247F98C900A12CF7 /* TSLA.mlmodel */,
				75A4FC4A247E049C00E4DC0B /* AppDelegate.swift */,
				75A4FC4C247E049C00E4DC0B /* ViewController.swift */,
				754C0476247E151F00A12CF7 /* Interview */,
				754C045B247E0DCC00A12CF7 /* TOSIndicators */,
				754C0446247E0DAC00A12CF7 /* Extensions */,
				754C0441247E0D8800A12CF7 /* CreateCSV */,
				754C03BA247E068400A12CF7 /* API */,
				75A4FC51247E049F00E4DC0B /* Assets.xcassets */,
				75A4FC53247E049F00E4DC0B /* Main.storyboard */,
				754C0550247F4CF900A12CF7 /* Info.plist */,
				75A4FC57247E049F00E4DC0B /* TimeFountain.entitlements */,
				75A4FC4E247E049C00E4DC0B /* TimeFountain.xcdatamodeld */,
			);
			path = TimeFountain;
			sourceTree = "<group>";
		};
		75A4FC5F247E049F00E4DC0B /* TimeFountainTests */ = {
			isa = PBXGroup;
			children = (
				754C03B6247E066800A12CF7 /* InputOutputs.swift */,
				754C03B7247E066800A12CF7 /* SimpleMovingAverageTests.swift */,
				75A4FC60247E049F00E4DC0B /* TimeFountainTests.swift */,
				754C0546247EC11A00A12CF7 /* DataFrameTests.swift */,
				754C054A247ED8BF00A12CF7 /* StringMatrixTests.swift */,
				754C054C247ED8ED00A12CF7 /* CSVTests.swift */,
				754C054E247EF57300A12CF7 /* CommaSeparatedArraytests.swift */,
				75A4FC62247E049F00E4DC0B /* Info.plist */,
			);
			path = TimeFountainTests;
			sourceTree = "<group>";
		};
		75A4FC6A247E049F00E4DC0B /* TimeFountainUITests */ = {
			isa = PBXGroup;
			children = (
				75A4FC6B247E049F00E4DC0B /* TimeFountainUITests.swift */,
				75A4FC6D247E049F00E4DC0B /* Info.plist */,
			);
			path = TimeFountainUITests;
			sourceTree = "<group>";
		};
/* End PBXGroup section */

/* Begin PBXNativeTarget section */
		75A4FC46247E049C00E4DC0B /* TimeFountain */ = {
			isa = PBXNativeTarget;
			buildConfigurationList = 75A4FC70247E049F00E4DC0B /* Build configuration list for PBXNativeTarget "TimeFountain" */;
			buildPhases = (
				75A4FC43247E049C00E4DC0B /* Sources */,
				75A4FC44247E049C00E4DC0B /* Frameworks */,
				75A4FC45247E049C00E4DC0B /* Resources */,
			);
			buildRules = (
			);
			dependencies = (
			);
			name = TimeFountain;
			productName = TimeFountain;
			productReference = 75A4FC47247E049C00E4DC0B /* TimeFountain.app */;
			productType = "com.apple.product-type.application";
		};
		75A4FC5B247E049F00E4DC0B /* TimeFountainTests */ = {
			isa = PBXNativeTarget;
			buildConfigurationList = 75A4FC73247E049F00E4DC0B /* Build configuration list for PBXNativeTarget "TimeFountainTests" */;
			buildPhases = (
				75A4FC58247E049F00E4DC0B /* Sources */,
				75A4FC59247E049F00E4DC0B /* Frameworks */,
				75A4FC5A247E049F00E4DC0B /* Resources */,
			);
			buildRules = (
			);
			dependencies = (
				75A4FC5E247E049F00E4DC0B /* PBXTargetDependency */,
			);
			name = TimeFountainTests;
			productName = TimeFountainTests;
			productReference = 75A4FC5C247E049F00E4DC0B /* TimeFountainTests.xctest */;
			productType = "com.apple.product-type.bundle.unit-test";
		};
		75A4FC66247E049F00E4DC0B /* TimeFountainUITests */ = {
			isa = PBXNativeTarget;
			buildConfigurationList = 75A4FC76247E049F00E4DC0B /* Build configuration list for PBXNativeTarget "TimeFountainUITests" */;
			buildPhases = (
				75A4FC63247E049F00E4DC0B /* Sources */,
				75A4FC64247E049F00E4DC0B /* Frameworks */,
				75A4FC65247E049F00E4DC0B /* Resources */,
			);
			buildRules = (
			);
			dependencies = (
				75A4FC69247E049F00E4DC0B /* PBXTargetDependency */,
			);
			name = TimeFountainUITests;
			productName = TimeFountainUITests;
			productReference = 75A4FC67247E049F00E4DC0B /* TimeFountainUITests.xctest */;
			productType = "com.apple.product-type.bundle.ui-testing";
		};
/* End PBXNativeTarget section */

/* Begin PBXProject section */
		75A4FC3F247E049C00E4DC0B /* Project object */ = {
			isa = PBXProject;
			attributes = {
				LastSwiftUpdateCheck = 1150;
				LastUpgradeCheck = 1150;
				ORGANIZATIONNAME = "Scott Lydon";
				TargetAttributes = {
					75A4FC46247E049C00E4DC0B = {
						CreatedOnToolsVersion = 11.5;
					};
					75A4FC5B247E049F00E4DC0B = {
						CreatedOnToolsVersion = 11.5;
						TestTargetID = 75A4FC46247E049C00E4DC0B;
					};
					75A4FC66247E049F00E4DC0B = {
						CreatedOnToolsVersion = 11.5;
						TestTargetID = 75A4FC46247E049C00E4DC0B;
					};
				};
			};
			buildConfigurationList = 75A4FC42247E049C00E4DC0B /* Build configuration list for PBXProject "TimeFountain" */;
			compatibilityVersion = "Xcode 9.3";
			developmentRegion = en;
			hasScannedForEncodings = 0;
			knownRegions = (
				en,
				Base,
			);
			mainGroup = 75A4FC3E247E049C00E4DC0B;
			productRefGroup = 75A4FC48247E049C00E4DC0B /* Products */;
			projectDirPath = "";
			projectRoot = "";
			targets = (
				75A4FC46247E049C00E4DC0B /* TimeFountain */,
				75A4FC5B247E049F00E4DC0B /* TimeFountainTests */,
				75A4FC66247E049F00E4DC0B /* TimeFountainUITests */,
			);
		};
/* End PBXProject section */

/* Begin PBXResourcesBuildPhase section */
		75A4FC45247E049C00E4DC0B /* Resources */ = {
			isa = PBXResourcesBuildPhase;
			buildActionMask = 2147483647;
			files = (
				75A4FC52247E049F00E4DC0B /* Assets.xcassets in Resources */,
				75A4FC55247E049F00E4DC0B /* Main.storyboard in Resources */,
				754C0551247F4CF900A12CF7 /* Info.plist in Resources */,
			);
			runOnlyForDeploymentPostprocessing = 0;
		};
		75A4FC5A247E049F00E4DC0B /* Resources */ = {
			isa = PBXResourcesBuildPhase;
			buildActionMask = 2147483647;
			files = (
			);
			runOnlyForDeploymentPostprocessing = 0;
		};
		75A4FC65247E049F00E4DC0B /* Resources */ = {
			isa = PBXResourcesBuildPhase;
			buildActionMask = 2147483647;
			files = (
			);
			runOnlyForDeploymentPostprocessing = 0;
		};
/* End PBXResourcesBuildPhase section */

/* Begin PBXSourcesBuildPhase section */
		75A4FC43247E049C00E4DC0B /* Sources */ = {
			isa = PBXSourcesBuildPhase;
			buildActionMask = 2147483647;
			files = (
				754C042A247E0D3300A12CF7 /* EndPoints.swift in Sources */,
				754C0433247E0D4A00A12CF7 /* Authorizations.swift in Sources */,
				754C0542247E17DD00A12CF7 /* Double.swift in Sources */,
				754C03DB247E0C5000A12CF7 /* Candle.swift in Sources */,
				754C0465247E0E4A00A12CF7 /* VWAP.swift in Sources */,
				754C03E8247E0C6800A12CF7 /* MutualFund.swift in Sources */,
				754C0522247E17DD00A12CF7 /* Math+Power^.swift in Sources */,
				754C0521247E17DD00A12CF7 /* CLLocationCoordinate2D.swift in Sources */,
				754C0520247E17DD00A12CF7 /* Array+ElementType.swift in Sources */,
				754C0470247E0E5D00A12CF7 /* Array+ManualLines.swift in Sources */,
				754C0471247E0E5D00A12CF7 /* Angle.swift in Sources */,
				754C050A247E17DD00A12CF7 /* IndexPath.swift in Sources */,
				754C0418247E0CFC00A12CF7 /* StreamerSubscriptionKey.swift in Sources */,
				754C055F2480552100A12CF7 /* oauth2.swift in Sources */,
				754C0563248067DF00A12CF7 /* authURL.swift in Sources */,
				754C0567248572BB00A12CF7 /* URLRequest.swift in Sources */,
				75A4FC4D247E049C00E4DC0B /* ViewController.swift in Sources */,
				754C03E7247E0C6800A12CF7 /* CashEquivalent.swift in Sources */,
				754C03C8247E06CE00A12CF7 /* OrderLegCollection.swift in Sources */,
				754C051A247E17DD00A12CF7 /* Crawler.swift in Sources */,
				754C03D2247E06F900A12CF7 /* Position.swift in Sources */,
				75A4FC4B247E049C00E4DC0B /* AppDelegate.swift in Sources */,
				754C03D5247E06F900A12CF7 /* Balances.swift in Sources */,
				754C052C247E17DD00A12CF7 /* Bool.swift in Sources */,
				754C0400247E0C9900A12CF7 /* ExpirationDate.swift in Sources */,
				754C0456247E0DBD00A12CF7 /* Array+Int.swift in Sources */,
				754C03FE247E0C9900A12CF7 /* OptionChain.swift in Sources */,
				754C03C2247E06BF00A12CF7 /* ChildOrderStrategy.swift in Sources */,
				754C051F247E17DD00A12CF7 /* TimeInterval.swift in Sources */,
				754C03BF247E06B800A12CF7 /* CancelTime.swift in Sources */,
				754C0410247E0CDC00A12CF7 /* QuoteEquity.swift in Sources */,
				754C0461247E0E4000A12CF7 /* Point.swift in Sources */,
				754C0445247E0D9A00A12CF7 /* DataFrame.swift in Sources */,
				754C03E4247E0C6800A12CF7 /* Execution.swift in Sources */,
				754C0453247E0DBD00A12CF7 /* Codable.swift in Sources */,
				754C0545247E1C7D00A12CF7 /* UserDefaults.swift in Sources */,
				754C05652482EB8A00A12CF7 /* StreamerSubscriptionKeys.swift in Sources */,
				754C0425247E0D3300A12CF7 /* URL+Key.swift in Sources */,
				754C03DC247E0C5000A12CF7 /* CandleList.swift in Sources */,
				754C03C9247E06CE00A12CF7 /* OrderGet.swift in Sources */,
				754C03E5247E0C6800A12CF7 /* FixedIncome.swift in Sources */,
				754C056F248746FD00A12CF7 /* Encodable.swift in Sources */,
				754C043F247E0D5D00A12CF7 /* Watchlist.swift in Sources */,
				754C053C247E17DD00A12CF7 /* String.swift in Sources */,
				754C046F247E0E5D00A12CF7 /* Array+Resistance.swift in Sources */,
				754C0475247E0E6E00A12CF7 /* SimpleMovingAvg.swift in Sources */,
				754C05732487509700A12CF7 /* TDSocketURL.swift in Sources */,
				754C052F247E17DD00A12CF7 /* sockaddr_in.swift in Sources */,
				754C0553247F98C900A12CF7 /* TSLA.mlmodel in Sources */,
				754C03D4247E06F900A12CF7 /* MarginAccount.swift in Sources */,
				754C03D3247E06F900A12CF7 /* InitialBalances.swift in Sources */,
				754C043E247E0D5D00A12CF7 /* Instrument.swift in Sources */,
				754C051C247E17DD00A12CF7 /* CLLocation.swift in Sources */,
				754C0438247E0D4A00A12CF7 /* StreamerInfo.swift in Sources */,
				754C03FF247E0C9900A12CF7 /* Underlying.swift in Sources */,
				754C041C247E0D1500A12CF7 /* TransactionItem.swift in Sources */,
				754C0411247E0CDC00A12CF7 /* QuoteFutureOption.swift in Sources */,
				754C0436247E0D4A00A12CF7 /* UpdatePrincipalData.swift in Sources */,
				754C0505247E17DD00A12CF7 /* NSPersistentContainer.swift in Sources */,
				754C03E9247E0C6800A12CF7 /* Option.swift in Sources */,
				754C03C3247E06BF00A12CF7 /* Hours.swift in Sources */,
				754C0413247E0CDC00A12CF7 /* QuoteMutualFund.swift in Sources */,
				754C0429247E0D3300A12CF7 /* PeriodFrequencies.swift in Sources */,
				75A4FC50247E049C00E4DC0B /* TimeFountain.xcdatamodeld in Sources */,
				754C03F1247E0C8000A12CF7 /* InstrumentDetails.swift in Sources */,
				754C03FC247E0C9900A12CF7 /* OptionDeliverableList.swift in Sources */,
				754C0532247E17DD00A12CF7 /* Observable.swift in Sources */,
				754C0526247E17DD00A12CF7 /* Action.swift in Sources */,
				754C051E247E17DD00A12CF7 /* Int.swift in Sources */,
				754C0527247E17DD00A12CF7 /* Collection.swift in Sources */,
				754C0549247ED78300A12CF7 /* String+matrix.swift in Sources */,
				754C053D247E17DD00A12CF7 /* Array.swift in Sources */,
				754C0529247E17DD00A12CF7 /* Environment.swift in Sources */,
				754C053E247E17DD00A12CF7 /* NotificationCenter.swift in Sources */,
				754C03F2247E0C8000A12CF7 /* FundamentalClass.swift in Sources */,
				754C0414247E0CDC00A12CF7 /* QuoteFuture.swift in Sources */,
				754C041D247E0D1500A12CF7 /* TransactionInstrument.swift in Sources */,
				754C03F4247E0C8000A12CF7 /* FundamentalData.swift in Sources */,
				754C0458247E0DBD00A12CF7 /* Plist.swift in Sources */,
				754C0444247E0D9A00A12CF7 /* CSVRepresentable.swift in Sources */,
				754C0440247E0D5D00A12CF7 /* WatchlistItem.swift in Sources */,
				754C0434247E0D4A00A12CF7 /* UserPrincipals.swift in Sources */,
				754C0404247E0CBF00A12CF7 /* Preferences.swift in Sources */,
				754C0401247E0C9900A12CF7 /* ChainOption.swift in Sources */,
				754C03E6247E0C6800A12CF7 /* GeneralInstrument.swift in Sources */,
				754C0427247E0D3300A12CF7 /* URLComponents.swift in Sources */,
				754C0511247E17DD00A12CF7 /* Bundle.swift in Sources */,
				754C0463247E0E4000A12CF7 /* RSI.swift in Sources */,
				754C053F247E17DD00A12CF7 /* Date.swift in Sources */,
				754C0412247E0CDC00A12CF7 /* QuoteIndex.swift in Sources */,
				754C0435247E0D4A00A12CF7 /* PrincipalQuotes.swift in Sources */,
				754C0538247E17DD00A12CF7 /* UNUserNotificationCenter.swift in Sources */,
				754C046E247E0E5D00A12CF7 /* Resistance.swift in Sources */,
				754C040F247E0CDC00A12CF7 /* ETF.swift in Sources */,
				754C055D2480520200A12CF7 /* UserPrincipalsURL.swift in Sources */,
				754C0513247E17DD00A12CF7 /* Data.swift in Sources */,
				754C056D2487405400A12CF7 /* StreamRequest.swift in Sources */,
				754C046D247E0E5D00A12CF7 /* ManualLineEntry.swift in Sources */,
				754C0428247E0D3300A12CF7 /* URL+String.swift in Sources */,
				754C0462247E0E4000A12CF7 /* MovAvgExponential.swift in Sources */,
				754C0451247E0DBD00A12CF7 /* String+Plist.swift in Sources */,
				754C0454247E0DBD00A12CF7 /* URL.swift in Sources */,
				754C045D247E0E3700A12CF7 /* MACD.swift in Sources */,
				754C0472247E0E5D00A12CF7 /* Array+Point.swift in Sources */,
				754C03BD247E06B200A12CF7 /* Token.swift in Sources */,
				754C03D6247E06F900A12CF7 /* OrderStrategy.swift in Sources */,
				754C03F3247E0C8000A12CF7 /* Bond.swift in Sources */,
				754C051D247E17DD00A12CF7 /* CLLocationManager.swift in Sources */,
				754C05692485D8A400A12CF7 /* StringAny.swift in Sources */,
				754C0543247E17DD00A12CF7 /* Keychain.swift in Sources */,
				754C040E247E0CDC00A12CF7 /* QuoteOption.swift in Sources */,
				754C0500247E17DD00A12CF7 /* Dictionary.swift in Sources */,
				754C03FD247E0C9900A12CF7 /* OptionDeliverables.swift in Sources */,
				754C0426247E0D3300A12CF7 /* URL+Factory.swift in Sources */,
				754C03F0247E0C8000A12CF7 /* Fundamental.swift in Sources */,
				754C0439247E0D4A00A12CF7 /* AccountPrincipal.swift in Sources */,
				754C0415247E0CDC00A12CF7 /* QuoteForex.swift in Sources */,
				754C03C5247E06C600A12CF7 /* Mover.swift in Sources */,
				754C0539247E17DD00A12CF7 /* TravelMethod.swift in Sources */,
				754C0515247E17DD00A12CF7 /* URL+HELPERS.swift in Sources */,
				754C03D1247E06F900A12CF7 /* GeneralAccount.swift in Sources */,
				754C0502247E17DD00A12CF7 /* UNNotificationCategory.swift in Sources */,
			);
			runOnlyForDeploymentPostprocessing = 0;
		};
		75A4FC58247E049F00E4DC0B /* Sources */ = {
			isa = PBXSourcesBuildPhase;
			buildActionMask = 2147483647;
			files = (
				75A4FC61247E049F00E4DC0B /* TimeFountainTests.swift in Sources */,
				754C054F247EF57300A12CF7 /* CommaSeparatedArraytests.swift in Sources */,
				754C054B247ED8BF00A12CF7 /* StringMatrixTests.swift in Sources */,
				754C03B9247E066800A12CF7 /* SimpleMovingAverageTests.swift in Sources */,
				754C03B8247E066800A12CF7 /* InputOutputs.swift in Sources */,
				754C054D247ED8ED00A12CF7 /* CSVTests.swift in Sources */,
				754C0547247EC11A00A12CF7 /* DataFrameTests.swift in Sources */,
			);
			runOnlyForDeploymentPostprocessing = 0;
		};
		75A4FC63247E049F00E4DC0B /* Sources */ = {
			isa = PBXSourcesBuildPhase;
			buildActionMask = 2147483647;
			files = (
				75A4FC6C247E049F00E4DC0B /* TimeFountainUITests.swift in Sources */,
			);
			runOnlyForDeploymentPostprocessing = 0;
		};
/* End PBXSourcesBuildPhase section */

/* Begin PBXTargetDependency section */
		75A4FC5E247E049F00E4DC0B /* PBXTargetDependency */ = {
			isa = PBXTargetDependency;
			target = 75A4FC46247E049C00E4DC0B /* TimeFountain */;
			targetProxy = 75A4FC5D247E049F00E4DC0B /* PBXContainerItemProxy */;
		};
		75A4FC69247E049F00E4DC0B /* PBXTargetDependency */ = {
			isa = PBXTargetDependency;
			target = 75A4FC46247E049C00E4DC0B /* TimeFountain */;
			targetProxy = 75A4FC68247E049F00E4DC0B /* PBXContainerItemProxy */;
		};
/* End PBXTargetDependency section */

/* Begin PBXVariantGroup section */
		75A4FC53247E049F00E4DC0B /* Main.storyboard */ = {
			isa = PBXVariantGroup;
			children = (
				75A4FC54247E049F00E4DC0B /* Base */,
			);
			name = Main.storyboard;
			sourceTree = "<group>";
		};
/* End PBXVariantGroup section */

/* Begin XCBuildConfiguration section */
		75A4FC6E247E049F00E4DC0B /* Debug */ = {
			isa = XCBuildConfiguration;
			buildSettings = {
				ALWAYS_SEARCH_USER_PATHS = NO;
				CLANG_ANALYZER_NONNULL = YES;
				CLANG_ANALYZER_NUMBER_OBJECT_CONVERSION = YES_AGGRESSIVE;
				CLANG_CXX_LANGUAGE_STANDARD = "gnu++14";
				CLANG_CXX_LIBRARY = "libc++";
				CLANG_ENABLE_MODULES = YES;
				CLANG_ENABLE_OBJC_ARC = YES;
				CLANG_ENABLE_OBJC_WEAK = YES;
				CLANG_WARN_BLOCK_CAPTURE_AUTORELEASING = YES;
				CLANG_WARN_BOOL_CONVERSION = YES;
				CLANG_WARN_COMMA = YES;
				CLANG_WARN_CONSTANT_CONVERSION = YES;
				CLANG_WARN_DEPRECATED_OBJC_IMPLEMENTATIONS = YES;
				CLANG_WARN_DIRECT_OBJC_ISA_USAGE = YES_ERROR;
				CLANG_WARN_DOCUMENTATION_COMMENTS = YES;
				CLANG_WARN_EMPTY_BODY = YES;
				CLANG_WARN_ENUM_CONVERSION = YES;
				CLANG_WARN_INFINITE_RECURSION = YES;
				CLANG_WARN_INT_CONVERSION = YES;
				CLANG_WARN_NON_LITERAL_NULL_CONVERSION = YES;
				CLANG_WARN_OBJC_IMPLICIT_RETAIN_SELF = YES;
				CLANG_WARN_OBJC_LITERAL_CONVERSION = YES;
				CLANG_WARN_OBJC_ROOT_CLASS = YES_ERROR;
				CLANG_WARN_RANGE_LOOP_ANALYSIS = YES;
				CLANG_WARN_STRICT_PROTOTYPES = YES;
				CLANG_WARN_SUSPICIOUS_MOVE = YES;
				CLANG_WARN_UNGUARDED_AVAILABILITY = YES_AGGRESSIVE;
				CLANG_WARN_UNREACHABLE_CODE = YES;
				CLANG_WARN__DUPLICATE_METHOD_MATCH = YES;
				COPY_PHASE_STRIP = NO;
				DEBUG_INFORMATION_FORMAT = dwarf;
				ENABLE_STRICT_OBJC_MSGSEND = YES;
				ENABLE_TESTABILITY = YES;
				GCC_C_LANGUAGE_STANDARD = gnu11;
				GCC_DYNAMIC_NO_PIC = NO;
				GCC_NO_COMMON_BLOCKS = YES;
				GCC_OPTIMIZATION_LEVEL = 0;
				GCC_PREPROCESSOR_DEFINITIONS = (
					"DEBUG=1",
					"$(inherited)",
				);
				GCC_WARN_64_TO_32_BIT_CONVERSION = YES;
				GCC_WARN_ABOUT_RETURN_TYPE = YES_ERROR;
				GCC_WARN_UNDECLARED_SELECTOR = YES;
				GCC_WARN_UNINITIALIZED_AUTOS = YES_AGGRESSIVE;
				GCC_WARN_UNUSED_FUNCTION = YES;
				GCC_WARN_UNUSED_VARIABLE = YES;
				MACOSX_DEPLOYMENT_TARGET = 10.15;
				MTL_ENABLE_DEBUG_INFO = INCLUDE_SOURCE;
				MTL_FAST_MATH = YES;
				ONLY_ACTIVE_ARCH = YES;
				SDKROOT = macosx;
				SWIFT_ACTIVE_COMPILATION_CONDITIONS = DEBUG;
				SWIFT_OPTIMIZATION_LEVEL = "-Onone";
			};
			name = Debug;
		};
		75A4FC6F247E049F00E4DC0B /* Release */ = {
			isa = XCBuildConfiguration;
			buildSettings = {
				ALWAYS_SEARCH_USER_PATHS = NO;
				CLANG_ANALYZER_NONNULL = YES;
				CLANG_ANALYZER_NUMBER_OBJECT_CONVERSION = YES_AGGRESSIVE;
				CLANG_CXX_LANGUAGE_STANDARD = "gnu++14";
				CLANG_CXX_LIBRARY = "libc++";
				CLANG_ENABLE_MODULES = YES;
				CLANG_ENABLE_OBJC_ARC = YES;
				CLANG_ENABLE_OBJC_WEAK = YES;
				CLANG_WARN_BLOCK_CAPTURE_AUTORELEASING = YES;
				CLANG_WARN_BOOL_CONVERSION = YES;
				CLANG_WARN_COMMA = YES;
				CLANG_WARN_CONSTANT_CONVERSION = YES;
				CLANG_WARN_DEPRECATED_OBJC_IMPLEMENTATIONS = YES;
				CLANG_WARN_DIRECT_OBJC_ISA_USAGE = YES_ERROR;
				CLANG_WARN_DOCUMENTATION_COMMENTS = YES;
				CLANG_WARN_EMPTY_BODY = YES;
				CLANG_WARN_ENUM_CONVERSION = YES;
				CLANG_WARN_INFINITE_RECURSION = YES;
				CLANG_WARN_INT_CONVERSION = YES;
				CLANG_WARN_NON_LITERAL_NULL_CONVERSION = YES;
				CLANG_WARN_OBJC_IMPLICIT_RETAIN_SELF = YES;
				CLANG_WARN_OBJC_LITERAL_CONVERSION = YES;
				CLANG_WARN_OBJC_ROOT_CLASS = YES_ERROR;
				CLANG_WARN_RANGE_LOOP_ANALYSIS = YES;
				CLANG_WARN_STRICT_PROTOTYPES = YES;
				CLANG_WARN_SUSPICIOUS_MOVE = YES;
				CLANG_WARN_UNGUARDED_AVAILABILITY = YES_AGGRESSIVE;
				CLANG_WARN_UNREACHABLE_CODE = YES;
				CLANG_WARN__DUPLICATE_METHOD_MATCH = YES;
				COPY_PHASE_STRIP = NO;
				DEBUG_INFORMATION_FORMAT = "dwarf-with-dsym";
				ENABLE_NS_ASSERTIONS = NO;
				ENABLE_STRICT_OBJC_MSGSEND = YES;
				GCC_C_LANGUAGE_STANDARD = gnu11;
				GCC_NO_COMMON_BLOCKS = YES;
				GCC_WARN_64_TO_32_BIT_CONVERSION = YES;
				GCC_WARN_ABOUT_RETURN_TYPE = YES_ERROR;
				GCC_WARN_UNDECLARED_SELECTOR = YES;
				GCC_WARN_UNINITIALIZED_AUTOS = YES_AGGRESSIVE;
				GCC_WARN_UNUSED_FUNCTION = YES;
				GCC_WARN_UNUSED_VARIABLE = YES;
				MACOSX_DEPLOYMENT_TARGET = 10.15;
				MTL_ENABLE_DEBUG_INFO = NO;
				MTL_FAST_MATH = YES;
				SDKROOT = macosx;
				SWIFT_COMPILATION_MODE = wholemodule;
				SWIFT_OPTIMIZATION_LEVEL = "-O";
			};
			name = Release;
		};
		75A4FC71247E049F00E4DC0B /* Debug */ = {
			isa = XCBuildConfiguration;
			buildSettings = {
				ASSETCATALOG_COMPILER_APPICON_NAME = AppIcon;
				CODE_SIGN_ENTITLEMENTS = TimeFountain/TimeFountain.entitlements;
				CODE_SIGN_STYLE = Automatic;
				COMBINE_HIDPI_IMAGES = YES;
				DEVELOPMENT_TEAM = 8L7Z3WU967;
				ENABLE_HARDENED_RUNTIME = YES;
				INFOPLIST_FILE = TimeFountain/Info.plist;
				LD_RUNPATH_SEARCH_PATHS = (
					"$(inherited)",
					"@executable_path/../Frameworks",
				);
				PRODUCT_BUNDLE_IDENTIFIER = ScottLydon.TimeFountain;
				PRODUCT_NAME = "$(TARGET_NAME)";
				SWIFT_VERSION = 5.0;
			};
			name = Debug;
		};
		75A4FC72247E049F00E4DC0B /* Release */ = {
			isa = XCBuildConfiguration;
			buildSettings = {
				ASSETCATALOG_COMPILER_APPICON_NAME = AppIcon;
				CODE_SIGN_ENTITLEMENTS = TimeFountain/TimeFountain.entitlements;
				CODE_SIGN_STYLE = Automatic;
				COMBINE_HIDPI_IMAGES = YES;
				DEVELOPMENT_TEAM = 8L7Z3WU967;
				ENABLE_HARDENED_RUNTIME = YES;
				INFOPLIST_FILE = TimeFountain/Info.plist;
				LD_RUNPATH_SEARCH_PATHS = (
					"$(inherited)",
					"@executable_path/../Frameworks",
				);
				PRODUCT_BUNDLE_IDENTIFIER = ScottLydon.TimeFountain;
				PRODUCT_NAME = "$(TARGET_NAME)";
				SWIFT_VERSION = 5.0;
			};
			name = Release;
		};
		75A4FC74247E049F00E4DC0B /* Debug */ = {
			isa = XCBuildConfiguration;
			buildSettings = {
				ALWAYS_EMBED_SWIFT_STANDARD_LIBRARIES = YES;
				BUNDLE_LOADER = "$(TEST_HOST)";
				CODE_SIGN_STYLE = Automatic;
				COMBINE_HIDPI_IMAGES = YES;
				DEVELOPMENT_TEAM = 8L7Z3WU967;
				INFOPLIST_FILE = TimeFountainTests/Info.plist;
				LD_RUNPATH_SEARCH_PATHS = (
					"$(inherited)",
					"@executable_path/../Frameworks",
					"@loader_path/../Frameworks",
				);
				MACOSX_DEPLOYMENT_TARGET = 10.15;
				PRODUCT_BUNDLE_IDENTIFIER = ScottLydon.TimeFountainTests;
				PRODUCT_NAME = "$(TARGET_NAME)";
				SWIFT_VERSION = 5.0;
				TEST_HOST = "$(BUILT_PRODUCTS_DIR)/TimeFountain.app/Contents/MacOS/TimeFountain";
			};
			name = Debug;
		};
		75A4FC75247E049F00E4DC0B /* Release */ = {
			isa = XCBuildConfiguration;
			buildSettings = {
				ALWAYS_EMBED_SWIFT_STANDARD_LIBRARIES = YES;
				BUNDLE_LOADER = "$(TEST_HOST)";
				CODE_SIGN_STYLE = Automatic;
				COMBINE_HIDPI_IMAGES = YES;
				DEVELOPMENT_TEAM = 8L7Z3WU967;
				INFOPLIST_FILE = TimeFountainTests/Info.plist;
				LD_RUNPATH_SEARCH_PATHS = (
					"$(inherited)",
					"@executable_path/../Frameworks",
					"@loader_path/../Frameworks",
				);
				MACOSX_DEPLOYMENT_TARGET = 10.15;
				PRODUCT_BUNDLE_IDENTIFIER = ScottLydon.TimeFountainTests;
				PRODUCT_NAME = "$(TARGET_NAME)";
				SWIFT_VERSION = 5.0;
				TEST_HOST = "$(BUILT_PRODUCTS_DIR)/TimeFountain.app/Contents/MacOS/TimeFountain";
			};
			name = Release;
		};
		75A4FC77247E049F00E4DC0B /* Debug */ = {
			isa = XCBuildConfiguration;
			buildSettings = {
				ALWAYS_EMBED_SWIFT_STANDARD_LIBRARIES = YES;
				CODE_SIGN_STYLE = Automatic;
				COMBINE_HIDPI_IMAGES = YES;
				DEVELOPMENT_TEAM = 8L7Z3WU967;
				INFOPLIST_FILE = TimeFountainUITests/Info.plist;
				LD_RUNPATH_SEARCH_PATHS = (
					"$(inherited)",
					"@executable_path/../Frameworks",
					"@loader_path/../Frameworks",
				);
				PRODUCT_BUNDLE_IDENTIFIER = ScottLydon.TimeFountainUITests;
				PRODUCT_NAME = "$(TARGET_NAME)";
				SWIFT_VERSION = 5.0;
				TEST_TARGET_NAME = TimeFountain;
			};
			name = Debug;
		};
		75A4FC78247E049F00E4DC0B /* Release */ = {
			isa = XCBuildConfiguration;
			buildSettings = {
				ALWAYS_EMBED_SWIFT_STANDARD_LIBRARIES = YES;
				CODE_SIGN_STYLE = Automatic;
				COMBINE_HIDPI_IMAGES = YES;
				DEVELOPMENT_TEAM = 8L7Z3WU967;
				INFOPLIST_FILE = TimeFountainUITests/Info.plist;
				LD_RUNPATH_SEARCH_PATHS = (
					"$(inherited)",
					"@executable_path/../Frameworks",
					"@loader_path/../Frameworks",
				);
				PRODUCT_BUNDLE_IDENTIFIER = ScottLydon.TimeFountainUITests;
				PRODUCT_NAME = "$(TARGET_NAME)";
				SWIFT_VERSION = 5.0;
				TEST_TARGET_NAME = TimeFountain;
			};
			name = Release;
		};
/* End XCBuildConfiguration section */

/* Begin XCConfigurationList section */
		75A4FC42247E049C00E4DC0B /* Build configuration list for PBXProject "TimeFountain" */ = {
			isa = XCConfigurationList;
			buildConfigurations = (
				75A4FC6E247E049F00E4DC0B /* Debug */,
				75A4FC6F247E049F00E4DC0B /* Release */,
			);
			defaultConfigurationIsVisible = 0;
			defaultConfigurationName = Release;
		};
		75A4FC70247E049F00E4DC0B /* Build configuration list for PBXNativeTarget "TimeFountain" */ = {
			isa = XCConfigurationList;
			buildConfigurations = (
				75A4FC71247E049F00E4DC0B /* Debug */,
				75A4FC72247E049F00E4DC0B /* Release */,
			);
			defaultConfigurationIsVisible = 0;
			defaultConfigurationName = Release;
		};
		75A4FC73247E049F00E4DC0B /* Build configuration list for PBXNativeTarget "TimeFountainTests" */ = {
			isa = XCConfigurationList;
			buildConfigurations = (
				75A4FC74247E049F00E4DC0B /* Debug */,
				75A4FC75247E049F00E4DC0B /* Release */,
			);
			defaultConfigurationIsVisible = 0;
			defaultConfigurationName = Release;
		};
		75A4FC76247E049F00E4DC0B /* Build configuration list for PBXNativeTarget "TimeFountainUITests" */ = {
			isa = XCConfigurationList;
			buildConfigurations = (
				75A4FC77247E049F00E4DC0B /* Debug */,
				75A4FC78247E049F00E4DC0B /* Release */,
			);
			defaultConfigurationIsVisible = 0;
			defaultConfigurationName = Release;
		};
/* End XCConfigurationList section */

/* Begin XCVersionGroup section */
		75A4FC4E247E049C00E4DC0B /* TimeFountain.xcdatamodeld */ = {
			isa = XCVersionGroup;
			children = (
				75A4FC4F247E049C00E4DC0B /* TimeFountain.xcdatamodel */,
			);
			currentVersion = 75A4FC4F247E049C00E4DC0B /* TimeFountain.xcdatamodel */;
			path = TimeFountain.xcdatamodeld;
			sourceTree = "<group>";
			versionGroupType = wrapper.xcdatamodel;
		};
/* End XCVersionGroup section */
	};
	rootObject = 75A4FC3F247E049C00E4DC0B /* Project object */;
}
